version = 1
revision = 3
requires-python = ">=3.13"

[[package]]
name = "anyio"
version = "4.14.2"
source = { registry = "https://pypi.org/simple" }
dependencies = [
    { name = "idna" },
]
sdist = { url = "https://files.pythonhosted.org/packages/61/cc/a381afa6efea9f496eff839d4a6a1aed3bfafc7b3ab4b0d1b243a12573dd/anyio-4.14.2.tar.gz", hash = "sha256:cfa139f3ed1a23ee8f88a145ddb5ac7605b8bbfd8592baacd7ce3d8bb4313c7f", size = 260176, upload-time = "2026-07-12T20:29:07.082Z" }
wheels = [
    { url = "https://files.pythonhosted.org/packages/da/35/f2287558c17e29fafc8ef3daf819bb9834061cfa43bff8014f7df7f63bdc/anyio-4.14.2-py3-none-any.whl", hash = "sha256:9f505dda5ac9f0c8309b5e8bd445a8c2bf7246f3ce950121e45ea15bc41d1494", size = 125813, upload-time = "2026-07-12T20:29:05.763Z" },
]

[[package]]
name = "certifi"
version = "2026.7.22"
source = { registry = "https://pypi.org/simple" }
sdist = { url = "https://files.pythonhosted.org/packages/a3/c2/24167ea9858356b47a87a50d39908bfdb72ceeefe0041586e704e5376b3a/certifi-2026.7.22.tar.gz", hash = "sha256:741e2c3b351ddf169a738da9f2c048608ff7f2c5cc02f1ebc6b118bb090d5d55", size = 138112, upload-time = "2026-07-22T03:35:12.644Z" }
wheels = [
    { url = "https://files.pythonhosted.org/packages/0b/a7/71ac2cff56fec219ed242bb11b8efb69fcc4bec75db06fb7bfe35de520e6/certifi-2026.7.22-py3-none-any.whl", hash = "sha256:62f22742b58a1a33014a2b6b706588a8d7e2a88ae7bd1a6ebe8c992928483775", size = 136983, upload-time = "2026-07-22T03:35:11.276Z" },
]

[[package]]
name = "colorama"
version = "0.4.6"
source = { registry = "https://pypi.org/simple" }
sdist = { url = "https://files.pythonhosted.org/packages/d8/53/6f443c9a4a8358a93a6792e2acffb9d9d5cb0a5cfd8802644b7b1c9a02e4/colorama-0.4.6.tar.gz", hash = "sha256:08695f5cb7ed6e0531a20572697297273c47b8cae5a63ffc6d6ed5c201be6e44", size = 27697, upload-time = "2022-10-25T02:36:22.414Z" }
wheels = [
    { url = "https://files.pythonhosted.org/packages/d1/d6/3965ed04c63042e047cb6a3e6ed1a63a35087b6a609aa3a15ed8ac56c221/colorama-0.4.6-py2.py3-none-any.whl", hash = "sha256:4f1d9991f5acc0ca119f9d443620b77f9d6b33703e51011c16baf57afb285fc6", size = 25335, upload-time = "2022-10-25T02:36:20.889Z" },
]

[[package]]
name = "h11"
version = "0.16.0"
source = { registry = "https://pypi.org/simple" }
sdist = { url = "https://files.pythonhosted.org/packages/01/ee/02a2c011bdab74c6fb3c75474d40b3052059d95df7e73351460c8588d963/h11-0.16.0.tar.gz", hash = "sha256:4e35b956cf45792e4caa5885e69fba00bdbc6ffafbfa020300e549b208ee5ff1", size = 101250, upload-time = "2025-04-24T03:35:25.427Z" }
wheels = [
    { url = "https://files.pythonhosted.org/packages/04/4b/29cac41a4d98d144bf5f6d33995617b185d14b22401f75ca86f384e87ff1/h11-0.16.0-py3-none-any.whl", hash = "sha256:63cf8bbe7522de3bf65932fda1d9c2772064ffb3dae62d55932da54b31cb6c86", size = 37515, upload-time = "2025-04-24T03:35:24.344Z" },
]

[[package]]
name = "httpcore"
version = "1.0.9"
source = { registry = "https://pypi.org/simple" }
dependencies = [
    { name = "certifi" },
    { name = "h11" },
]
sdist = { url = "https://files.pythonhosted.org/packages/06/94/82699a10bca87a5556c9c59b5963f2d039dbd239f25bc2a63907a05a14cb/httpcore-1.0.9.tar.gz", hash = "sha256:6e34463af53fd2ab5d807f399a9b45ea31c3dfa2276f15a2c3f00afff6e176e8", size = 85484, upload-time = "2025-04-24T22:06:22.219Z" }
wheels = [
    { url = "https://files.pythonhosted.org/packages/7e/f5/f66802a942d491edb555dd61e3a9961140fd64c90bce1eafd741609d334d/httpcore-1.0.9-py3-none-any.whl", hash = "sha256:2d400746a40668fc9dec9810239072b40b4484b640a8c38fd654a024c7a1bf55", size = 78784, upload-time = "2025-04-24T22:06:20.566Z" },
]

[[package]]
name = "httpx"
version = "0.28.1"
source = { registry = "https://pypi.org/simple" }
dependencies = [
    { name = "anyio" },
    { name = "certifi" },
    { name = "httpcore" },
    { name = "idna" },
]
sdist = { url = "https://files.pythonhosted.org/packages/b1/df/48c586a5fe32a0f01324ee087459e112ebb7224f646c0b5023f5e79e9956/httpx-0.28.1.tar.gz", hash = "sha256:75e98c5f16b0f35b567856f597f06ff2270a374470a5c2392242528e3e3e42fc", size = 141406, upload-time = "2024-12-06T15:37:23.222Z" }
wheels = [
    { url = "https://files.pythonhosted.org/packages/2a/39/e50c7c3a983047577ee07d2a9e53faf5a69493943ec3f6a384bdc792deb2/httpx-0.28.1-py3-none-any.whl", hash = "sha256:d909fcccc110f8c7faf814ca82a9a4d816bc5a6dbfea25d6591d6985b8ba59ad", size = 73517, upload-time = "2024-12-06T15:37:21.509Z" },
]

[[package]]
name = "hymns"
version = "2026.7.0"
source = { editable = "." }
dependencies = [
    { name = "httpx" },
    { name = "pymupdf" },
    { name = "pypng" },
    { name = "qrcode" },
]

[package.dev-dependencies]
dev = [
    { name = "ruff" },
    { name = "ty" },
    { name = "uv-build" },
]

[package.metadata]
requires-dist = [
    { name = "httpx", specifier = ">=0.28.1" },
    { name = "pymupdf", specifier = ">=1.28.0" },
    { name = "pypng", specifier = ">=0.20220715.0" },
    { name = "qrcode", specifier = ">=8.2" },
]

[package.metadata.requires-dev]
dev = [
    { name = "ruff", specifier = ">=0.16.1" },
    { name = "ty", specifier = ">=0.0.65" },
    { name = "uv-build", specifier = ">=0.12.1" },
]

[[package]]
name = "idna"
version = "3.18"
source = { registry = "https://pypi.org/simple" }
sdist = { url = "https://files.pythonhosted.org/packages/cd/63/9496c57188a2ee585e0f1db071d75089a11e98aa86eb99d9d7618fc1edce/idna-3.18.tar.gz", hash = "sha256:ffb385a7e039654cef1ab9ef32c6fafe283c0c0467bba1d9029738ce4a14a848", size = 196711, upload-time = "2026-06-02T14:34:07.794Z" }
wheels = [
    { url = "https://files.pythonhosted.org/packages/1e/5e/d4e9f1a599fb8e573b7b87160658329fbf28d19eac2718f51fc3def3aa5a/idna-3.18-py3-none-any.whl", hash = "sha256:7f952cbe720b688055e3f87de14f5c3e5fdaa8bc3928985c4077ca689de849a2", size = 65455, upload-time = "2026-06-02T14:34:06.319Z" },
]

[[package]]
name = "pymupdf"
version = "1.28.0"
source = { registry = "https://pypi.org/simple" }
sdist = { url = "https://files.pythonhosted.org/packages/8e/e9/6d6c5d6c0a3551bffd47681a6240caf941727f195b45593cf20ab36f018f/pymupdf-1.28.0.tar.gz", hash = "sha256:e53f3567403a92da15caa9e7ae0164327fff48817e9f40175367fb9de524258d", size = 87637751, upload-time = "2026-06-29T09:08:47.547Z" }
wheels = [
    { url = "https://files.pythonhosted.org/packages/c8/b7/88043e38cc7529de070f0c9bd267fa258035cca0b4ad5260536b994594a7/pymupdf-1.28.0-cp310-abi3-macosx_10_15_x86_64.whl", hash = "sha256:892b89ba88e8f98b53133b62877a9dc9b5e7dc6a4aeb837b612db56a8d2e03ac", size = 24597385, upload-time = "2026-06-29T09:03:30.608Z" },
    { url = "https://files.pythonhosted.org/packages/33/f4/23775bbda0781b61fc398cc75079a2b0e64696d8fcf93271748883e9627e/pymupdf-1.28.0-cp310-abi3-macosx_11_0_arm64.whl", hash = "sha256:4d692dcf44d3566ae96bc6f6346c6ad432274a29ba617bf7a9fe18009e24adb4", size = 23828292, upload-time = "2026-06-29T09:03:46.129Z" },
    { url = "https://files.pythonhosted.org/packages/1c/f5/bf75fc7a415722f8b33662054f82d88520c0cbfd4c36d0e08aeaec605e49/pymupdf-1.28.0-cp310-abi3-manylinux_2_28_aarch64.whl", hash = "sha256:47a5c29ed4eb0744de9c4e37bb49b1259b18d4d75fcc8a7c130f7c9fa15956f6", size = 25045507, upload-time = "2026-06-29T09:04:03.86Z" },
    { url = "https://files.pythonhosted.org/packages/58/69/5d12c9f1f2d76f28383d6110a069c79fbfced5a4f97bb1ee6e8354f52bb7/pymupdf-1.28.0-cp310-abi3-manylinux_2_28_x86_64.whl", hash = "sha256:44f0973f5e5edbaec95bc34b64e71d1959d4ee90b1328de1b4f4f5b4fa78673f", size = 25716599, upload-time = "2026-06-29T09:04:19.367Z" },
    { url = "https://files.pythonhosted.org/packages/4d/b4/ec0e017bc42857cc86bd651441dbc41cc18be48d4698ecd27aac491e0c9a/pymupdf-1.28.0-cp310-abi3-musllinux_1_2_x86_64.whl", hash = "sha256:4d61ec323a706e153a12e262e51febfb43eeaa20977785ace135d18d48bcdc83", size = 25940489, upload-time = "2026-06-29T09:04:36.624Z" },
    { url = "https://files.pythonhosted.org/packages/06/86/f831fef09013f33b3c9c09fb3923f2ff53e1e437f6ace14b8ae46392f558/pymupdf-1.28.0-cp310-abi3-win32.whl", hash = "sha256:caea2b3b67347fd79e5d15ed7929b0e886aac594ea228073b6d39de0078189da", size = 18489703, upload-time = "2026-06-29T20:50:30.599Z" },
    { url = "https://files.pythonhosted.org/packages/2e/5d/1a03f53eb0449900469335fcfc742ca28e3ba159b7d650e0921d50b8b308/pymupdf-1.28.0-cp310-abi3-win_amd64.whl", hash = "sha256:e01e90fd86abfeb37ceb921eddb951f988a11d45ff6ce6b7664f2039849068ec", size = 19773102, upload-time = "2026-06-29T09:04:49.773Z" },
    { url = "https://files.pythonhosted.org/packages/72/f6/1e52ce243ca792254f6223b4017c5667194c146ce9b88baf37bc5eb3d1c9/pymupdf-1.28.0-cp313-abi3-pyemscripten_2025_0_wasm32.whl", hash = "sha256:74c6d00ba2a9aad3a635db73b07c15db462b480741d831a34a75a56535ebc22b", size = 18357011, upload-time = "2026-06-29T20:50:50.353Z" },
    { url = "https://files.pythonhosted.org/packages/62/b1/46b5b3d8ef3cc71114667cf10c4d8b33f39af97253af32e9a0986775b638/pymupdf-1.28.0-cp314-cp314t-manylinux_2_28_x86_64.whl", hash = "sha256:b3e1399c7a64c6914239116a369efcdaac4cfb9e838bde2656d7accc4a85c72d", size = 25753599, upload-time = "2026-06-29T09:05:09.398Z" },
]

[[package]]
name = "pypng"
version = "0.20220715.0"
source = { registry = "https://pypi.org/simple" }
sdist = { url = "https://files.pythonhosted.org/packages/93/cd/112f092ec27cca83e0516de0a3368dbd9128c187fb6b52aaaa7cde39c96d/pypng-0.20220715.0.tar.gz", hash = "sha256:739c433ba96f078315de54c0db975aee537cbc3e1d0ae4ed9aab0ca1e427e2c1", size = 128992, upload-time = "2022-07-15T14:11:05.301Z" }
wheels = [
    { url = "https://files.pythonhosted.org/packages/3e/b9/3766cc361d93edb2ce81e2e1f87dd98f314d7d513877a342d31b30741680/pypng-0.20220715.0-py3-none-any.whl", hash = "sha256:4a43e969b8f5aaafb2a415536c1a8ec7e341cd6a3f957fd5b5f32a4cfeed902c", size = 58057, upload-time = "2022-07-15T14:11:03.713Z" },
]

[[package]]
name = "qrcode"
version = "8.2"
source = { registry = "https://pypi.org/simple" }
dependencies = [
    { name = "colorama", marker = "sys_platform == 'win32'" },
]
sdist = { url = "https://files.pythonhosted.org/packages/8f/b2/7fc2931bfae0af02d5f53b174e9cf701adbb35f39d69c2af63d4a39f81a9/qrcode-8.2.tar.gz", hash = "sha256:35c3f2a4172b33136ab9f6b3ef1c00260dd2f66f858f24d88418a015f446506c", size = 43317, upload-time = "2025-05-01T15:44:24.726Z" }
wheels = [
    { url = "https://files.pythonhosted.org/packages/dd/b8/d2d6d731733f51684bbf76bf34dab3b70a9148e8f2cef2bb544fccec681a/qrcode-8.2-py3-none-any.whl", hash = "sha256:16e64e0716c14960108e85d853062c9e8bba5ca8252c0b4d0231b9df4060ff4f", size = 45986, upload-time = "2025-05-01T15:44:22.781Z" },
]

[[package]]
name = "ruff"
version = "0.16.1"
source = { registry = "https://pypi.org/simple" }
sdist = { url = "https://files.pythonhosted.org/packages/70/25/7113f6d5498888c5fb7db34081cba7d5971c4cb1bfb26819966eee68f003/ruff-0.16.1.tar.gz", hash = "sha256:fedad7c801dabd3fb9741d76aca39246e6ddd9ca446a015875207bf19f1e6bc7", size = 4877500, upload-time = "2026-07-30T19:37:01.379Z" }
wheels = [
    { url = "https://files.pythonhosted.org/packages/1b/bd/694da69368e0973de65df2ddc73ab18d43c469d5963d9b150911de6bc513/ruff-0.16.1-py3-none-linux_armv6l.whl", hash = "sha256:58edb313b88f0c5460a26adf5f39a37a3be789494a15e3e411e35fa78b89f9a0", size = 10839126, upload-time = "2026-07-30T19:36:13.697Z" },
    { url = "https://files.pythonhosted.org/packages/3f/f0/b626e5d5bd0dd9576263658ef12885e2288afd1029a48e26ffed65ec1ac1/ruff-0.16.1-py3-none-macosx_10_12_x86_64.whl", hash = "sha256:fde5a99e2f97479af66edd6622c6d5a2a7592c77cf4153d9e4428f5eeb55b60c", size = 11070253, upload-time = "2026-07-30T19:36:17.14Z" },
    { url = "https://files.pythonhosted.org/packages/83/63/f40acfb6b35b88623e71684942b552c3edd96035f5d98f313815f7b277de/ruff-0.16.1-py3-none-macosx_11_0_arm64.whl", hash = "sha256:e0d4c20532fca4f7fa609369161d968dd28f65d83dabbd61d8e9c7edbf7001f6", size = 10561425, upload-time = "2026-07-30T19:36:20.04Z" },
    { url = "https://files.pythonhosted.org/packages/aa/dd/14ec0e9c2b4d315547dd38765004b4863e354e1b52cb308272215d9f6f6d/ruff-0.16.1-py3-none-manylinux_2_17_aarch64.manylinux2014_aarch64.whl", hash = "sha256:30affbcedf59ad5703d9c91f82266e02b47739f797e1a7b6e158e5526a6dae38", size = 10948879, upload-time = "2026-07-30T19:36:22.476Z" },
    { url = "https://files.pythonhosted.org/packages/33/e9/9d870cbae575030fdef595f04b4b97573c525b5497cce4f4498cf2f85446/ruff-0.16.1-py3-none-manylinux_2_17_armv7l.manylinux2014_armv7l.whl", hash = "sha256:24e9c631573cbca9d20f1283f8f479b2afa4a8503504822bd71a293889f16743", size = 10643691, upload-time = "2026-07-30T19:36:24.914Z" },
    { url = "https://files.pythonhosted.org/packages/c4/09/12743d544e2173f53ecd27217c65f90d2bc0f8424a66a60339e56bbc0457/ruff-0.16.1-py3-none-manylinux_2_17_i686.manylinux2014_i686.whl", hash = "sha256:b41bdd48fb420987a9b5212e4957c26ad4abce401fa9ea9d4d85843727945f4f", size = 11435354, upload-time = "2026-07-30T19:36:28.447Z" },
    { url = "https://files.pythonhosted.org/packages/7f/89/a1652b2daee52083c9554a6333b678a8b01d0400f976827bb87857f9449a/ruff-0.16.1-py3-none-manylinux_2_17_ppc64le.manylinux2014_ppc64le.whl", hash = "sha256:b0d1e1393b7648079e13669de1c1f4fde06d4583e84d8fd5c1551e0a77a2aa75", size = 12259033, upload-time = "2026-07-30T19:36:31.326Z" },
    { url = "https://files.pythonhosted.org/packages/16/96/ecdcb8c54ee7b123b487f807eb014e6e019155a0b81dfb669acd52f28ce3/ruff-0.16.1-py3-none-manylinux_2_17_s390x.manylinux2014_s390x.whl", hash = "sha256:07bf434b1c95f4e093be4532068ef4fcf00924eb2ade8796075980902d6fd54a", size = 11667981, upload-time = "2026-07-30T19:36:34.394Z" },
    { url = "https://files.pythonhosted.org/packages/cd/90/c52e12e0d862e9572f2a33aa227409143520abe53111e9a6babbac7b4af8/ruff-0.16.1-py3-none-manylinux_2_17_x86_64.manylinux2014_x86_64.whl", hash = "sha256:39897739f112253ee4fdd2e8aa9a4f9ded99fb2be367d5f31dfa4ded6025584c", size = 11468183, upload-time = "2026-07-30T19:36:37.339Z" },
    { url = "https://files.pythonhosted.org/packages/2c/6b/4ffb7ad1d83eb16cf8cbb3c8815d3f11c88460fd162d4b372a2059be1c2a/ruff-0.16.1-py3-none-manylinux_2_31_riscv64.whl", hash = "sha256:82ae3c0c0d74daf17b968a10b7b3bb3ef297ab7de0c1f749646b25e690ccb150", size = 11470071, upload-time = "2026-07-30T19:36:39.91Z" },
    { url = "https://files.pythonhosted.org/packages/9c/72/32ae7db4c0b5e32ab611787caa19d1546800676d79f7483b7100a3561bf4/ruff-0.16.1-py3-none-musllinux_1_2_aarch64.whl", hash = "sha256:4d5f2ed10f8242d83fc08d521301089364e3375375705356f20c0e31606ef3ef", size = 10919503, upload-time = "2026-07-30T19:36:42.65Z" },
    { url = "https://files.pythonhosted.org/packages/f7/ca/3d901ba6ad6fc38da39c3448fc6c59ac945679293a17c3ceb6d6c1cba13e/ruff-0.16.1-py3-none-musllinux_1_2_armv7l.whl", hash = "sha256:a4665b309891f83f3e3c25447935f1213e9abbd4b5640af7a1f2def9f8d413c1", size = 10649861, upload-time = "2026-07-30T19:36:45.18Z" },
    { url = "https://files.pythonhosted.org/packages/92/79/894ef1ced26552d5f8c9cf6d85b0687840e1128c55aeab7b9c2d54a0d880/ruff-0.16.1-py3-none-musllinux_1_2_i686.whl", hash = "sha256:26e9ca5c9bc3971f20d3cf18a957f52ffd6a5f6564ff15c4912a144dcac22494", size = 11148137, upload-time = "2026-07-30T19:36:47.936Z" },
    { url = "https://files.pythonhosted.org/packages/2d/69/3609a09fa1cb46cc28b762363e440a354204e5dff01bd0c8d7437874d6b9/ruff-0.16.1-py3-none-musllinux_1_2_x86_64.whl", hash = "sha256:67e1e1e3fa4f0c82f0e36d4cd61e661f6e7a6196cb1aa92fe0828fa7b8f257cd", size = 11559211, upload-time = "2026-07-30T19:36:50.448Z" },
    { url = "https://files.pythonhosted.org/packages/fc/8a/fb22af2fd78a736e241fabf67e30ce1799a64244026377a49e133af90762/ruff-0.16.1-py3-none-win32.whl", hash = "sha256:d31765e131295b8445caf301e3e8a85b34d1b9b211b4109b7ba457888b051806", size = 10838258, upload-time = "2026-07-30T19:36:53.298Z" },
    { url = "https://files.pythonhosted.org/packages/d4/35/e57fd9fb5d423961df087a00b12d42c0a830288dc2f3b45ecca299158b4f/ruff-0.16.1-py3-none-win_amd64.whl", hash = "sha256:09b05e8b90c2cb06ad63464350e7a45e8e44a2dfe52072ebfba6666ca8d3f596", size = 11961111, upload-time = "2026-07-30T19:36:56.107Z" },
    { url = "https://files.pythonhosted.org/packages/cb/46/240ea004bf6dc4feb40e9832f2205a476a47dd5b8a3f8211a5fc5f95e20e/ruff-0.16.1-py3-none-win_arm64.whl", hash = "sha256:dbaadaac38c70239f056d306b7476f246b0bf000fa6b3876402acbf5b227eaf8", size = 11309414, upload-time = "2026-07-30T19:36:58.79Z" },
]

[[package]]
name = "ty"
version = "0.0.65"
source = { registry = "https://pypi.org/simple" }
sdist = { url = "https://files.pythonhosted.org/packages/d6/54/cf561927e8e9ab5c1892a833b664aa9cd6f051a75f6280c66d8047246bda/ty-0.0.65.tar.gz", hash = "sha256:b7134bffcc00b715fa8291e84d845782ced810a998dc1f7f11d71c85c4046325", size = 6460098, upload-time = "2026-07-29T18:31:03.27Z" }
wheels = [
    { url = "https://files.pythonhosted.org/packages/7b/4e/71e2d325d2b53a1afad81624ad076b2ede413213fc4a18cb05b78c568571/ty-0.0.65-py3-none-linux_armv6l.whl", hash = "sha256:dc556c9f05408bef4c4ef02b2cc382e4e5f797b4b20d64410289848f0d76705f", size = 12298466, upload-time = "2026-07-29T18:30:12.744Z" },
    { url = "https://files.pythonhosted.org/packages/57/77/fec8f29647c55794efa430a7f365e44f5ce7ffb6459d9445a87fac569bec/ty-0.0.65-py3-none-macosx_10_12_x86_64.whl", hash = "sha256:29d2e0d34cc0a28a17ef0cf81135c5ebabc3562131f9079138ba5e7bae0f56bd", size = 11942421, upload-time = "2026-07-29T18:30:16.076Z" },
    { url = "https://files.pythonhosted.org/packages/13/09/7f3766aef9dc627e2698cf4e3e59cf53389dcae3812040d33c1aa931230f/ty-0.0.65-py3-none-macosx_11_0_arm64.whl", hash = "sha256:685f49a9312bbf69d5b65bbb66384fed1f927403ea030c217b9289092d7e46c4", size = 11451922, upload-time = "2026-07-29T18:30:19.155Z" },
    { url = "https://files.pythonhosted.org/packages/cb/7b/1a77cd50e0befb50f55b8bf9bd3ed3eddf184bf28c61b56727039e0774fc/ty-0.0.65-py3-none-manylinux_2_17_aarch64.manylinux2014_aarch64.whl", hash = "sha256:6f564b5ebe78e2f3a8e7b8eacb1292eb88b7c0f3c8630671cfca31abc0709cd9", size = 11994999, upload-time = "2026-07-29T18:30:22.315Z" },
    { url = "https://files.pythonhosted.org/packages/63/7b/feda16f3a4a0a99be27431e0c9598eeeec0db1eb2fec9a15976698209418/ty-0.0.65-py3-none-manylinux_2_17_armv7l.manylinux2014_armv7l.whl", hash = "sha256:c983e156fe9e113fb56389e13d327b6b8549fe866de9b269684723a88e9b732d", size = 12090662, upload-time = "2026-07-29T18:30:24.93Z" },
    { url = "https://files.pythonhosted.org/packages/ed/3e/3f69bf9c9307dbdc0771719f65ce5b556e7bdeeaccbdd599d4f57866d801/ty-0.0.65-py3-none-manylinux_2_17_i686.manylinux2014_i686.whl", hash = "sha256:e3663b7396e8b1a9954e20e732de7ccb0192bf4118473069b4945920d6923921", size = 12822094, upload-time = "2026-07-29T18:30:28.012Z" },
    { url = "https://files.pythonhosted.org/packages/90/38/8fa791b3bb503ee2b46ad81690cd1bdd54519582df6d805cee57fe143e85/ty-0.0.65-py3-none-manylinux_2_17_ppc64le.manylinux2014_ppc64le.whl", hash = "sha256:306ed01f29d6e108e98feb233dbbf5878a027603b71bd3743b343977933a9f16", size = 13357833, upload-time = "2026-07-29T18:30:31.122Z" },
    { url = "https://files.pythonhosted.org/packages/c1/73/4dda396a201e1dd0ed3594a9b48e559cb41c4bc048c6cd4c4d1b39eb4313/ty-0.0.65-py3-none-manylinux_2_17_s390x.manylinux2014_s390x.whl", hash = "sha256:28bcfc8898c94f079a9100e684bcf312b6a64ad3a7d4ebb35a4591546030a2cd", size = 12977303, upload-time = "2026-07-29T18:30:33.944Z" },
    { url = "https://files.pythonhosted.org/packages/a5/26/c250c2c569adc53a8591716641388397bcb2a442e4a30b952ae81b50c0e0/ty-0.0.65-py3-none-manylinux_2_17_x86_64.manylinux2014_x86_64.whl", hash = "sha256:5a75bd0c245c38802a8f488378e74f92feb7dd33db7d63fbdd6fdf82791ba730", size = 12579338, upload-time = "2026-07-29T18:30:37.199Z" },
    { url = "https://files.pythonhosted.org/packages/d3/94/4a5647d44753ca218fc930d7e4d9bf468d0ed4a0ad4b3d57588bc1bbacf7/ty-0.0.65-py3-none-manylinux_2_31_riscv64.whl", hash = "sha256:9e5e1bdea9662d2b5312b4e99f319f4e6e2ea427511b5fbc546141b79ec53f76", size = 12957731, upload-time = "2026-07-29T18:30:39.937Z" },
    { url = "https://files.pythonhosted.org/packages/36/b6/1e22fa11a1e0dfb20b1c7f3cbfd8170273aada2a82f9ecd3055275370c44/ty-0.0.65-py3-none-musllinux_1_2_aarch64.whl", hash = "sha256:03a88493d4842889f65280ae241e06b399d57eb3c63571054cad21a4c33b3b69", size = 11938625, upload-time = "2026-07-29T18:30:42.603Z" },
    { url = "https://files.pythonhosted.org/packages/5c/0a/fe5f22ef62b193201bc5566762e22049762cd485bfafb5095a7050760054/ty-0.0.65-py3-none-musllinux_1_2_armv7l.whl", hash = "sha256:600b8bf6f4940cf7ffb2f43d3716faaf38dcb97cd8617c55771451bc0276408f", size = 12105592, upload-time = "2026-07-29T18:30:45.419Z" },
    { url = "https://files.pythonhosted.org/packages/76/fd/922b3a6e9d697452cdbb4b7e3f636868add5ec652154518a736e4364f3b7/ty-0.0.65-py3-none-musllinux_1_2_i686.whl", hash = "sha256:0c28007bc79d648c1ddaf1e65885d07baec48eb87240da442f608e4107c1b7d8", size = 12387335, upload-time = "2026-07-29T18:30:48.405Z" },
    { url = "https://files.pythonhosted.org/packages/77/22/a1a08ebc84c083db2fb55e3b5cd186db0c067692f4921146f601360231e2/ty-0.0.65-py3-none-musllinux_1_2_x86_64.whl", hash = "sha256:c852da96091ad22361e6586b7c7ba98e1334dcd4d8ffb67e47f4fb673de33f77", size = 12682710, upload-time = "2026-07-29T18:30:51.364Z" },
    { url = "https://files.pythonhosted.org/packages/81/14/eaaa410a25bbdea19722109b5422380a0e211b3afcf3071d15953ddbd5db/ty-0.0.65-py3-none-win32.whl", hash = "sha256:cf529d538f1403b14b0511e6ec3cdb95d3d974adabf24cc76cedc533368c3edc", size = 11692341, upload-time = "2026-07-29T18:30:54.35Z" },
    { url = "https://files.pythonhosted.org/packages/bc/0f/6d48f206dce9d7e53fe3b5ea0f0ab5800dd9d2365b2b48f736783436c43f/ty-0.0.65-py3-none-win_amd64.whl", hash = "sha256:234a321e33c7cbbfbd67bfa0b01b685dd9c21f1841781a21e5ca1fa0b25f1d5d", size = 12729355, upload-time = "2026-07-29T18:30:57.275Z" },
    { url = "https://files.pythonhosted.org/packages/96/aa/7446f7725e303cf78e058c893af1f0552b9451895454908706f4c6c3494b/ty-0.0.65-py3-none-win_arm64.whl", hash = "sha256:b9424be1ec56d93ff18609fb1c0a0a2283fe1282cd6d1c7604f97d73b94d61f2", size = 12051375, upload-time = "2026-07-29T18:31:00.579Z" },
]

[[package]]
name = "uv-build"
version = "0.12.3"
source = { registry = "https://pypi.org/simple" }
sdist = { url = "https://files.pythonhosted.org/packages/36/d4/e3b940cb6f0c9051c535504bc5766bb242df55e9b24a4a2f903b32c8b270/uv_build-0.12.3.tar.gz", hash = "sha256:b6f51ed4411a35f008c9ef6e28016ac8f167f5c14fb2d0e453a9a97246b14206", size = 414444, upload-time = "2026-08-07T16:32:32.953Z" }
wheels = [
    { url = "https://files.pythonhosted.org/packages/6b/69/fba69a82c7640db23d1e6061c2bf4436f5ef5e8f2fbd4fad5792f5940945/uv_build-0.12.3-py3-none-linux_armv6l.whl", hash = "sha256:9bc47530837f8a544c7a9e11e6636a950bc68aac1837462052dc180f45318f96", size = 1490196, upload-time = "2026-08-07T16:32:07.314Z" },
    { url = "https://files.pythonhosted.org/packages/43/a4/700c2cf7997182f802ae0d913ca5fd306b7075800d4d42b3c621ecd2de03/uv_build-0.12.3-py3-none-macosx_10_12_x86_64.whl", hash = "sha256:48117d0f8d7be3e88f2e8e63e608873bc2aa950f5d9c3a845650e41632dfd0e9", size = 1433358, upload-time = "2026-08-07T16:32:09.048Z" },
    { url = "https://files.pythonhosted.org/packages/80/a1/1bba0b4e9b72331430f7bad929d13fcb9fb83d0850f19b646b464f2b2164/uv_build-0.12.3-py3-none-macosx_11_0_arm64.whl", hash = "sha256:52d1bb3e76217f4ece4fb2b89a7536d481af087567d83428cc72d570b540f3df", size = 1378895, upload-time = "2026-08-07T16:32:10.417Z" },
    { url = "https://files.pythonhosted.org/packages/05/4c/6bfb13945faac403daab35807e30c9cefa3b3625cfac306bcb21df1013ee/uv_build-0.12.3-py3-none-manylinux_2_17_aarch64.manylinux2014_aarch64.musllinux_1_1_aarch64.whl", hash = "sha256:3f6cda73d200e755d8aec6492af22c279ce69e460241a5f7507eba4aeb08abb7", size = 1575005, upload-time = "2026-08-07T16:32:11.891Z" },
    { url = "https://files.pythonhosted.org/packages/eb/33/1d6407f2fab6e5c72ccf4378a3517060b9fe75437d861d320ffda1eaeb1d/uv_build-0.12.3-py3-none-manylinux_2_17_armv7l.manylinux2014_armv7l.whl", hash = "sha256:7f13598c88b44a9b46c5d74370a0c12954f2e328d9193e80358a38edf95c7608", size = 1456360, upload-time = "2026-08-07T16:32:13.122Z" },
    { url = "https://files.pythonhosted.org/packages/a0/34/1ac103f2857c2eb409db4d480cd0b1a1a7bc58ffa83c7e285e762f28e5a5/uv_build-0.12.3-py3-none-manylinux_2_17_i686.manylinux2014_i686.whl", hash = "sha256:aa2c683d59b2c593b3b3f20e9bdc949131f3e6dd11250f214093a4b800e2472d", size = 1612832, upload-time = "2026-08-07T16:32:14.452Z" },
    { url = "https://files.pythonhosted.org/packages/d5/63/2553f18a402ebd0c96e4805716472290aed232259815bf42e4ab5b8179e3/uv_build-0.12.3-py3-none-manylinux_2_17_ppc64le.manylinux2014_ppc64le.whl", hash = "sha256:d1d47f328fb52f62cbc4915c82c96850d246d9029e6f461bfd01f31f43a13451", size = 1651275, upload-time = "2026-08-07T16:32:15.809Z" },
    { url = "https://files.pythonhosted.org/packages/6f/3f/fc50e4eebd9a4aeb4b6141911c748714d99ec77a0f8769cf68abd6b9b9a9/uv_build-0.12.3-py3-none-manylinux_2_17_s390x.manylinux2014_s390x.whl", hash = "sha256:322d634f2fbf8c7965dde52106db8040b0cc23dbc07b6508d900f217843bd129", size = 1547358, upload-time = "2026-08-07T16:32:17.117Z" },
    { url = "https://files.pythonhosted.org/packages/7e/af/08ec08f018f2e33afefe3012ab418dd9522bd2b5a09880433cf4ec4f2f9c/uv_build-0.12.3-py3-none-manylinux_2_17_x86_64.manylinux2014_x86_64.whl", hash = "sha256:7b9bd7b737e8e79370684c959e9500eb32fee44efc396d51ab11ca598d1596a2", size = 1575989, upload-time = "2026-08-07T16:32:18.468Z" },
    { url = "https://files.pythonhosted.org/packages/a5/3c/ccb9ea69582ef1520e8a597722528ed8b9b60c1aa466ade9b3d30c8d6b2f/uv_build-0.12.3-py3-none-manylinux_2_28_aarch64.whl", hash = "sha256:c821185380be7573bed6e653f995c6211258bd5351cbccf4072cef3ebfcf1a5c", size = 1569888, upload-time = "2026-08-07T16:32:19.903Z" },
    { url = "https://files.pythonhosted.org/packages/49/36/c928e5945f1225211b74832baa0ef7a4c51a105b5653d0fdcbc859ddd9a9/uv_build-0.12.3-py3-none-manylinux_2_31_riscv64.whl", hash = "sha256:ad894d87c4e048973ba975aa85f9c8b30fe1065b8c10ec2adfd8395333a6df4f", size = 1539237, upload-time = "2026-08-07T16:32:21.208Z" },
    { url = "https://files.pythonhosted.org/packages/61/a9/4eec9fc9866c25db1ef3e712584b7cc7d79b7bb3a824b23b8478bbf50a81/uv_build-0.12.3-py3-none-musllinux_1_1_armv7l.whl", hash = "sha256:855dbaf6912805e70ae1c788a282dc023d69f6acaec0955d14e57759017e11de", size = 1471176, upload-time = "2026-08-07T16:32:22.793Z" },
    { url = "https://files.pythonhosted.org/packages/a5/f1/7a0bf266cb33e93a11abafd03f1d853cfaccba1a1114b47e271819124c26/uv_build-0.12.3-py3-none-musllinux_1_1_i686.whl", hash = "sha256:b294990201d431fb0e7cfada5a00e7e5d4c520c32c86a437a11825f73960c441", size = 1563451, upload-time = "2026-08-07T16:32:23.985Z" },
    { url = "https://files.pythonhosted.org/packages/31/d1/343e009e9b1329a798f97834fc42842651a7c92b3282bf84a7b466c29a9b/uv_build-0.12.3-py3-none-musllinux_1_1_riscv64.whl", hash = "sha256:39adb84a210edaffc4eab8f59a2fc66579d08ea4e75acd3f36548f33f4a3eefc", size = 1560641, upload-time = "2026-08-07T16:32:25.537Z" },
    { url = "https://files.pythonhosted.org/packages/d7/ce/8231c38f621f24dc7368febdedcc098ca2c6a620598b16bce9c822a944a4/uv_build-0.12.3-py3-none-musllinux_1_1_x86_64.whl", hash = "sha256:b92f3c999dceaa1ba544587be5e85708bbc7a584f4e22dbb770409699eeffe80", size = 1636641, upload-time = "2026-08-07T16:32:27.327Z" },
    { url = "https://files.pythonhosted.org/packages/6c/8b/bef84ea95ca741bcfc80bbc0d53de40d410e05787239890edfcfc9a69020/uv_build-0.12.3-py3-none-win32.whl", hash = "sha256:cf304c80cf6200aad0956bbc2cdb1e23dd49bfeb74e036a263050de2b0e54f91", size = 1385551, upload-time = "2026-08-07T16:32:29.18Z" },
    { url = "https://files.pythonhosted.org/packages/1c/2f/1f9969d816e6dcc677167f46521c756e4d82b9ba04895d4f52f370e9e2a9/uv_build-0.12.3-py3-none-win_amd64.whl", hash = "sha256:6d0d59550fc9498087c071e9c842c87cd5288e0f8bda4888a633d6be79c3178c", size = 1453675, upload-time = "2026-08-07T16:32:30.641Z" },
    { url = "https://files.pythonhosted.org/packages/8e/44/ee96d4b6e577f2e5ec3124819010cafc7e01ddacd2087af11f05b0ffec09/uv_build-0.12.3-py3-none-win_arm64.whl", hash = "sha256:3bdf349e221a93544c940157361d22e5b6d73bc9bd1b302364461d8afd46479a", size = 1372732, upload-time = "2026-08-07T16:32:31.893Z" },
]
