version = 1
revision = 3
requires-python = ">=3.13"

[[package]]
name = "anyio"
version = "4.12.1"
source = { registry = "https://pypi.org/simple" }
dependencies = [
    { name = "idna" },
]
sdist = { url = "https://files.pythonhosted.org/packages/96/f0/5eb65b2bb0d09ac6776f2eb54adee6abe8228ea05b20a5ad0e4945de8aac/anyio-4.12.1.tar.gz", hash = "sha256:41cfcc3a4c85d3f05c932da7c26d0201ac36f72abd4435ba90d0464a3ffed703", size = 228685, upload-time = "2026-01-06T11:45:21.246Z" }
wheels = [
    { url = "https://files.pythonhosted.org/packages/38/0e/27be9fdef66e72d64c0cdc3cc2823101b80585f8119b5c112c2e8f5f7dab/anyio-4.12.1-py3-none-any.whl", hash = "sha256:d405828884fc140aa80a3c667b8beed277f1dfedec42ba031bd6ac3db606ab6c", size = 113592, upload-time = "2026-01-06T11:45:19.497Z" },
]

[[package]]
name = "certifi"
version = "2026.2.25"
source = { registry = "https://pypi.org/simple" }
sdist = { url = "https://files.pythonhosted.org/packages/af/2d/7bf41579a8986e348fa033a31cdd0e4121114f6bce2457e8876010b092dd/certifi-2026.2.25.tar.gz", hash = "sha256:e887ab5cee78ea814d3472169153c2d12cd43b14bd03329a39a9c6e2e80bfba7", size = 155029, upload-time = "2026-02-25T02:54:17.342Z" }
wheels = [
    { url = "https://files.pythonhosted.org/packages/9a/3c/c17fb3ca2d9c3acff52e30b309f538586f9f5b9c9cf454f3845fc9af4881/certifi-2026.2.25-py3-none-any.whl", hash = "sha256:027692e4402ad994f1c42e52a4997a9763c646b73e4096e4d5d6db8af1d6f0fa", size = 153684, upload-time = "2026-02-25T02:54:15.766Z" },
]

[[package]]
name = "colorama"
version = "0.4.6"
source = { registry = "https://pypi.org/simple" }
sdist = { url = "https://files.pythonhosted.org/packages/d8/53/6f443c9a4a8358a93a6792e2acffb9d9d5cb0a5cfd8802644b7b1c9a02e4/colorama-0.4.6.tar.gz", hash = "sha256:08695f5cb7ed6e0531a20572697297273c47b8cae5a63ffc6d6ed5c201be6e44", size = 27697, upload-time = "2022-10-25T02:36:22.414Z" }
wheels = [
    { url = "https://files.pythonhosted.org/packages/d1/d6/3965ed04c63042e047cb6a3e6ed1a63a35087b6a609aa3a15ed8ac56c221/colorama-0.4.6-py2.py3-none-any.whl", hash = "sha256:4f1d9991f5acc0ca119f9d443620b77f9d6b33703e51011c16baf57afb285fc6", size = 25335, upload-time = "2022-10-25T02:36:20.889Z" },
]

[[package]]
name = "h11"
version = "0.16.0"
source = { registry = "https://pypi.org/simple" }
sdist = { url = "https://files.pythonhosted.org/packages/01/ee/02a2c011bdab74c6fb3c75474d40b3052059d95df7e73351460c8588d963/h11-0.16.0.tar.gz", hash = "sha256:4e35b956cf45792e4caa5885e69fba00bdbc6ffafbfa020300e549b208ee5ff1", size = 101250, upload-time = "2025-04-24T03:35:25.427Z" }
wheels = [
    { url = "https://files.pythonhosted.org/packages/04/4b/29cac41a4d98d144bf5f6d33995617b185d14b22401f75ca86f384e87ff1/h11-0.16.0-py3-none-any.whl", hash = "sha256:63cf8bbe7522de3bf65932fda1d9c2772064ffb3dae62d55932da54b31cb6c86", size = 37515, upload-time = "2025-04-24T03:35:24.344Z" },
]

[[package]]
name = "httpcore"
version = "1.0.9"
source = { registry = "https://pypi.org/simple" }
dependencies = [
    { name = "certifi" },
    { name = "h11" },
]
sdist = { url = "https://files.pythonhosted.org/packages/06/94/82699a10bca87a5556c9c59b5963f2d039dbd239f25bc2a63907a05a14cb/httpcore-1.0.9.tar.gz", hash = "sha256:6e34463af53fd2ab5d807f399a9b45ea31c3dfa2276f15a2c3f00afff6e176e8", size = 85484, upload-time = "2025-04-24T22:06:22.219Z" }
wheels = [
    { url = "https://files.pythonhosted.org/packages/7e/f5/f66802a942d491edb555dd61e3a9961140fd64c90bce1eafd741609d334d/httpcore-1.0.9-py3-none-any.whl", hash = "sha256:2d400746a40668fc9dec9810239072b40b4484b640a8c38fd654a024c7a1bf55", size = 78784, upload-time = "2025-04-24T22:06:20.566Z" },
]

[[package]]
name = "httpx"
version = "0.28.1"
source = { registry = "https://pypi.org/simple" }
dependencies = [
    { name = "anyio" },
    { name = "certifi" },
    { name = "httpcore" },
    { name = "idna" },
]
sdist = { url = "https://files.pythonhosted.org/packages/b1/df/48c586a5fe32a0f01324ee087459e112ebb7224f646c0b5023f5e79e9956/httpx-0.28.1.tar.gz", hash = "sha256:75e98c5f16b0f35b567856f597f06ff2270a374470a5c2392242528e3e3e42fc", size = 141406, upload-time = "2024-12-06T15:37:23.222Z" }
wheels = [
    { url = "https://files.pythonhosted.org/packages/2a/39/e50c7c3a983047577ee07d2a9e53faf5a69493943ec3f6a384bdc792deb2/httpx-0.28.1-py3-none-any.whl", hash = "sha256:d909fcccc110f8c7faf814ca82a9a4d816bc5a6dbfea25d6591d6985b8ba59ad", size = 73517, upload-time = "2024-12-06T15:37:21.509Z" },
]

[[package]]
name = "hymns"
version = "2026.2.0"
source = { editable = "." }
dependencies = [
    { name = "httpx" },
    { name = "pymupdf" },
    { name = "pypng" },
    { name = "qrcode" },
]

[package.dev-dependencies]
dev = [
    { name = "ruff" },
    { name = "ty" },
    { name = "uv-build" },
]

[package.metadata]
requires-dist = [
    { name = "httpx", specifier = ">=0.28.1" },
    { name = "pymupdf", specifier = ">=1.26.1" },
    { name = "pypng", specifier = ">=0.20220715.0" },
    { name = "qrcode", specifier = ">=8.2" },
]

[package.metadata.requires-dev]
dev = [
    { name = "ruff", specifier = ">=0.15.4" },
    { name = "ty", specifier = ">=0.0.9" },
    { name = "uv-build", specifier = ">=0.10.7" },
]

[[package]]
name = "idna"
version = "3.11"
source = { registry = "https://pypi.org/simple" }
sdist = { url = "https://files.pythonhosted.org/packages/6f/6d/0703ccc57f3a7233505399edb88de3cbd678da106337b9fcde432b65ed60/idna-3.11.tar.gz", hash = "sha256:795dafcc9c04ed0c1fb032c2aa73654d8e8c5023a7df64a53f39190ada629902", size = 194582, upload-time = "2025-10-12T14:55:20.501Z" }
wheels = [
    { url = "https://files.pythonhosted.org/packages/0e/61/66938bbb5fc52dbdf84594873d5b51fb1f7c7794e9c0f5bd885f30bc507b/idna-3.11-py3-none-any.whl", hash = "sha256:771a87f49d9defaf64091e6e6fe9c18d4833f140bd19464795bc32d966ca37ea", size = 71008, upload-time = "2025-10-12T14:55:18.883Z" },
]

[[package]]
name = "pymupdf"
version = "1.27.2.3"
source = { registry = "https://pypi.org/simple" }
sdist = { url = "https://files.pythonhosted.org/packages/22/32/708bedc9dde7b328d45abbc076091769d44f2f24ad151ad92d56a6ec142b/pymupdf-1.27.2.3.tar.gz", hash = "sha256:7a92faa25129e8bbec5e50eeb9214f187665428c31b05c4ef6e36c58c0b1c6d2", size = 85759618, upload-time = "2026-04-24T14:13:14.42Z" }
wheels = [
    { url = "https://files.pythonhosted.org/packages/dc/09/ddbdfa7ee91fbabd6f63d7d744884cbdfe3e7ff9b8604749fb38bddf5c5d/pymupdf-1.27.2.3-cp310-abi3-macosx_10_9_x86_64.whl", hash = "sha256:fc1bc3cae6e9e150b0dbb0a9221bdfd411d65f0db2fe359eaa22467d7cc2a05f", size = 24002636, upload-time = "2026-04-24T14:09:17.459Z" },
    { url = "https://files.pythonhosted.org/packages/01/89/3f8edd6c4f50ca370e2a2f2a3011face36f3760728ffe76dffec91c0fca0/pymupdf-1.27.2.3-cp310-abi3-macosx_11_0_arm64.whl", hash = "sha256:660d93cb6da5bbddf11d3982ae27745dd3a9902d9f24cdb69adab83962294b5a", size = 23278238, upload-time = "2026-04-24T14:09:32.882Z" },
    { url = "https://files.pythonhosted.org/packages/c3/26/b7e5a70eb83bd189f8b5df87ec442746b992f2f632662839b288170d357d/pymupdf-1.27.2.3-cp310-abi3-manylinux_2_28_aarch64.whl", hash = "sha256:1dd460a3ae4597a755f00a3bd9771f5ebf1531dc111f6a36bf05dd00a6b84425", size = 24333923, upload-time = "2026-04-24T14:09:47.341Z" },
    { url = "https://files.pythonhosted.org/packages/e4/a0/aa1ee2240f29481a04a827c313333b4ecd8a14d6ac3e15d3f41a30574781/pymupdf-1.27.2.3-cp310-abi3-manylinux_2_28_x86_64.whl", hash = "sha256:857842b4888827bd6155a1131341b2822a7ebe9a8c15a975fd7d490d7a64a30c", size = 24963198, upload-time = "2026-04-24T14:10:07.408Z" },
    { url = "https://files.pythonhosted.org/packages/69/49/4f742451f980840829fc00ba158bebb25d389c846d8f4f8c65936ee55de8/pymupdf-1.27.2.3-cp310-abi3-musllinux_1_2_x86_64.whl", hash = "sha256:580983849c64a08d08344ca3d1580e87c01f046a8392421797bc850efd72a5b6", size = 25184609, upload-time = "2026-04-24T14:10:22.911Z" },
    { url = "https://files.pythonhosted.org/packages/f6/3f/3853d6608f394faf6eec2bd4e8ea9f6a00beea329b071abdb29f4164cc3d/pymupdf-1.27.2.3-cp310-abi3-win32.whl", hash = "sha256:a5c1088a87189891a4946ab314a14b7934ac4c5b6077f7e74ebee956f8906d0e", size = 18019286, upload-time = "2026-04-24T14:10:34.239Z" },
    { url = "https://files.pythonhosted.org/packages/44/47/5fb10fe73f96b31253a41647c362ea9e0380920bddf16028414a051247fc/pymupdf-1.27.2.3-cp310-abi3-win_amd64.whl", hash = "sha256:d20f68ef15195e073071dbc4ae7455257c7889af7584e39df490c0a92728526e", size = 19249102, upload-time = "2026-04-24T14:10:46.72Z" },
    { url = "https://files.pythonhosted.org/packages/53/a4/b9e91aac82293f9c954654c85581ee8212b5b05efadc534b581141241e6f/pymupdf-1.27.2.3-cp314-cp314t-manylinux_2_28_x86_64.whl", hash = "sha256:77691604c5d1d0233827139bbcdea61fd57879c84712b8e49b1f45520f7ab9c2", size = 25000393, upload-time = "2026-04-24T14:11:01.669Z" },
]

[[package]]
name = "pypng"
version = "0.20220715.0"
source = { registry = "https://pypi.org/simple" }
sdist = { url = "https://files.pythonhosted.org/packages/93/cd/112f092ec27cca83e0516de0a3368dbd9128c187fb6b52aaaa7cde39c96d/pypng-0.20220715.0.tar.gz", hash = "sha256:739c433ba96f078315de54c0db975aee537cbc3e1d0ae4ed9aab0ca1e427e2c1", size = 128992, upload-time = "2022-07-15T14:11:05.301Z" }
wheels = [
    { url = "https://files.pythonhosted.org/packages/3e/b9/3766cc361d93edb2ce81e2e1f87dd98f314d7d513877a342d31b30741680/pypng-0.20220715.0-py3-none-any.whl", hash = "sha256:4a43e969b8f5aaafb2a415536c1a8ec7e341cd6a3f957fd5b5f32a4cfeed902c", size = 58057, upload-time = "2022-07-15T14:11:03.713Z" },
]

[[package]]
name = "qrcode"
version = "8.2"
source = { registry = "https://pypi.org/simple" }
dependencies = [
    { name = "colorama", marker = "sys_platform == 'win32'" },
]
sdist = { url = "https://files.pythonhosted.org/packages/8f/b2/7fc2931bfae0af02d5f53b174e9cf701adbb35f39d69c2af63d4a39f81a9/qrcode-8.2.tar.gz", hash = "sha256:35c3f2a4172b33136ab9f6b3ef1c00260dd2f66f858f24d88418a015f446506c", size = 43317, upload-time = "2025-05-01T15:44:24.726Z" }
wheels = [
    { url = "https://files.pythonhosted.org/packages/dd/b8/d2d6d731733f51684bbf76bf34dab3b70a9148e8f2cef2bb544fccec681a/qrcode-8.2-py3-none-any.whl", hash = "sha256:16e64e0716c14960108e85d853062c9e8bba5ca8252c0b4d0231b9df4060ff4f", size = 45986, upload-time = "2025-05-01T15:44:22.781Z" },
]

[[package]]
name = "ruff"
version = "0.15.19"
source = { registry = "https://pypi.org/simple" }
sdist = { url = "https://files.pythonhosted.org/packages/d5/e6/15800dfde183a1a106594016c912b4c12d050a301989d1aca6cb63759fe8/ruff-0.15.19.tar.gz", hash = "sha256:edc27f7172a93b32b102687009d6a588508815072141543ae603a8b9b0823063", size = 4772071, upload-time = "2026-06-24T01:10:46.942Z" }
wheels = [
    { url = "https://files.pythonhosted.org/packages/88/4c/9ded7626c39a0440c575bf69e2bf500d443388272c842662c59852ee7fcd/ruff-0.15.19-py3-none-linux_armv6l.whl", hash = "sha256:922d1eb283161564759bd49f507e91dc6112c15da8bd5b84ed714e086243cf86", size = 10950859, upload-time = "2026-06-24T01:10:38.491Z" },
    { url = "https://files.pythonhosted.org/packages/fb/ef/c211505ece1d00ef493d58e54e3b6383c946a21e9874774eb531f2512cf3/ruff-0.15.19-py3-none-macosx_10_12_x86_64.whl", hash = "sha256:4d190d8f62a0b94aba8f721116538a9ee29b1e74d26650846ba9b99f0ae21c40", size = 11294529, upload-time = "2026-06-24T01:10:36.481Z" },
    { url = "https://files.pythonhosted.org/packages/fe/93/78d462e7d39968e58094dc57be7d09ffb14ce37da5b68ed70338a35a1f21/ruff-0.15.19-py3-none-macosx_11_0_arm64.whl", hash = "sha256:5a2c86ba6870dd415a9d9eb8be94d7924ebec6a26ffc7958ec7ca29d4bff967d", size = 10641416, upload-time = "2026-06-24T01:10:48.923Z" },
    { url = "https://files.pythonhosted.org/packages/76/c4/5cb66cfd1f865d5cca908b86c93ac785e7f572193d3c7426079ca6643e24/ruff-0.15.19-py3-none-manylinux_2_17_aarch64.manylinux2014_aarch64.whl", hash = "sha256:82b432bc087264aea70fd25ac198918b70bd9e2aa0db4297b0bb91bbfbbc63ce", size = 11015582, upload-time = "2026-06-24T01:10:30.089Z" },
    { url = "https://files.pythonhosted.org/packages/51/9f/8ecfaec10cf5eecd28fbc00ff4fb867db90a1be54bf3d39ebf93f893cd52/ruff-0.15.19-py3-none-manylinux_2_17_armv7l.manylinux2014_armv7l.whl", hash = "sha256:8530a09d03b3a8c994f8b559a7dcdabc690bcd3f78ef276c38c83166798ebf56", size = 10744059, upload-time = "2026-06-24T01:10:32.48Z" },
    { url = "https://files.pythonhosted.org/packages/35/6b/983249d04562bc2d590edd75f32455cdb473affb3ba4bc8d883e939c697d/ruff-0.15.19-py3-none-manylinux_2_17_i686.manylinux2014_i686.whl", hash = "sha256:87bf21fb3875fe69f0eacc825411657e2e85589cce633c35c0adf1113649c62b", size = 11568461, upload-time = "2026-06-24T01:10:17.435Z" },
    { url = "https://files.pythonhosted.org/packages/eb/39/bc7794f127b18f492a3b4ee82bba5a900c985ff13b72b46f46e3c171ba34/ruff-0.15.19-py3-none-manylinux_2_17_ppc64le.manylinux2014_ppc64le.whl", hash = "sha256:f9b229cb3ef56ecc2c1c8ebeca64b7a7740ccaef40a9eb097e78dde5a8560b83", size = 12429690, upload-time = "2026-06-24T01:10:40.638Z" },
    { url = "https://files.pythonhosted.org/packages/0a/3b/0de6859e698ed11c8a49e765196c8d333599b6a546c0715df39b6ba1aa2e/ruff-0.15.19-py3-none-manylinux_2_17_s390x.manylinux2014_s390x.whl", hash = "sha256:c6c754515be7b76afe6e7e62df7776709571bcfc1631183828afcf3bafa869e3", size = 11693067, upload-time = "2026-06-24T01:10:25.681Z" },
    { url = "https://files.pythonhosted.org/packages/89/3d/0b1f30f84bee9ae6ae8d349c2ba8b6f4b040966744efdd3acc804ae7c024/ruff-0.15.19-py3-none-manylinux_2_17_x86_64.manylinux2014_x86_64.whl", hash = "sha256:6a498f82e0f4d8904c4e0aea5139cdfac1f39d19a3c51d491292f63a36e83b2e", size = 11616911, upload-time = "2026-06-24T01:10:44.809Z" },
    { url = "https://files.pythonhosted.org/packages/4d/eb/c90bd3dfc12eed9032c2c1bfe05105b93a1b2c8bce555db6308315b853ce/ruff-0.15.19-py3-none-manylinux_2_31_riscv64.whl", hash = "sha256:d48caa34488fb521fd0ef4aea2b0e8fe758298df044138f0d67b687a6a0d07ed", size = 11649343, upload-time = "2026-06-24T01:10:23.472Z" },
    { url = "https://files.pythonhosted.org/packages/82/91/01caa13602a2f12fae5edbe8caf78b3c1e6db1293132aee6959eecce095c/ruff-0.15.19-py3-none-musllinux_1_2_aarch64.whl", hash = "sha256:4171b6613effa9363cd46dd4f75bd1827b6d1b946b5e278ed0c600d305379445", size = 10977610, upload-time = "2026-06-24T01:10:50.892Z" },
    { url = "https://files.pythonhosted.org/packages/3c/51/acb817922feab9ecbb3201377d4dbe7a25f1395e46545820061973f03468/ruff-0.15.19-py3-none-musllinux_1_2_armv7l.whl", hash = "sha256:27c15b2a241dd4d995557949a094fe78b8ad99122a38ccae1595849bcc947b3f", size = 10744900, upload-time = "2026-06-24T01:10:42.726Z" },
    { url = "https://files.pythonhosted.org/packages/84/bc/5c8ca46b8a7a3f2b16cfbec88721d772b1c93912904e8f8c2e49470fea63/ruff-0.15.19-py3-none-musllinux_1_2_i686.whl", hash = "sha256:ed03b7862d68f0a8771d50ee129980cbf1b113f96e250b73954bc292f689e0bb", size = 11293560, upload-time = "2026-06-24T01:10:21.262Z" },
    { url = "https://files.pythonhosted.org/packages/81/e0/4a888cbe4d5523b3f77a2b1fa043f46cfeba1b32eac35dcfadee0578fa8a/ruff-0.15.19-py3-none-musllinux_1_2_x86_64.whl", hash = "sha256:08143f0685ae278b30727ea72e90c61e5bd9c31b91aac4f5bb989538f73d24b8", size = 11696533, upload-time = "2026-06-24T01:10:53.046Z" },
    { url = "https://files.pythonhosted.org/packages/98/43/c34b2fcd79262a85161764a97aaca89c3e4f574340ab61430cefa2bdd2c1/ruff-0.15.19-py3-none-win32.whl", hash = "sha256:8f47f0f92952af2557212bb10cf3e695cd4cf28b2c6e42cdb18ec6c9ebfa19da", size = 10986299, upload-time = "2026-06-24T01:10:55.185Z" },
    { url = "https://files.pythonhosted.org/packages/22/e8/15fd23e02b2442b56b2026b455977bc3057aa34b26e6323d1e99e8531a9f/ruff-0.15.19-py3-none-win_amd64.whl", hash = "sha256:efeca47ee3f9d4a7162655a3b8e6ee4a878646044233978d4d2c1ff8cdd914f0", size = 12123473, upload-time = "2026-06-24T01:10:27.74Z" },
    { url = "https://files.pythonhosted.org/packages/30/66/9a73695e31eaee04f35d8475998bf8ab354465f9c638936d76111603dcc5/ruff-0.15.19-py3-none-win_arm64.whl", hash = "sha256:6c6b607466e47349332eb1d9be52fb1467423fc07c217341af41cd0f3f0573be", size = 11376779, upload-time = "2026-06-24T01:10:34.465Z" },
]

[[package]]
name = "ty"
version = "0.0.63"
source = { registry = "https://pypi.org/simple" }
sdist = { url = "https://files.pythonhosted.org/packages/ba/ce/cbeaa5c7576fec643609dfbf200d59493523b1cc0481d4e7a5effcbf0630/ty-0.0.63.tar.gz", hash = "sha256:c2f66439393b3acac69306c117d4ae44638ce5fffa4a20c21046e85bd473359f", size = 6280695, upload-time = "2026-07-23T11:41:39.845Z" }
wheels = [
    { url = "https://files.pythonhosted.org/packages/1a/e4/d17a8e113ab15c692fe6fb9c422112d4bee7e829d80ced35826b45d98d98/ty-0.0.63-py3-none-linux_armv6l.whl", hash = "sha256:9a4ef7782e3af314fb63d006bec5ac3025bd70fee774b4dcfb5e44e8564f1994", size = 12056302, upload-time = "2026-07-23T11:41:03.5Z" },
    { url = "https://files.pythonhosted.org/packages/be/0b/357234c815dc4bfcc88c3f860aa0983fe4228c8aa2a5bb16c35ee08a94af/ty-0.0.63-py3-none-macosx_10_12_x86_64.whl", hash = "sha256:01eab0ab70d51ad10298aa2d4b058b387a1fe93e5ee52d2a1ee23e9c69ba8354", size = 11737674, upload-time = "2026-07-23T11:41:05.862Z" },
    { url = "https://files.pythonhosted.org/packages/1c/13/193d9aeeb6774690351cff9fafabd3ae9b54cc225d125e07fa004ce23bdc/ty-0.0.63-py3-none-macosx_11_0_arm64.whl", hash = "sha256:a671b61eaad16178389e05b9c108c9cb75ae8d84968fe55906484f55d6268338", size = 11264191, upload-time = "2026-07-23T11:41:07.963Z" },
    { url = "https://files.pythonhosted.org/packages/4f/b7/c5843e16759a2b25fc8a7197473474038e585ac9fdaa6fa16aeb6384bf6a/ty-0.0.63-py3-none-manylinux_2_17_aarch64.manylinux2014_aarch64.whl", hash = "sha256:b255cc83d95c51bb9ee4931303fdbece8cb1d6d7c655eb77a3f2c8f349fb64d6", size = 11818890, upload-time = "2026-07-23T11:41:09.885Z" },
    { url = "https://files.pythonhosted.org/packages/06/20/adf83ae1fc570d9bb449605e1eeeaa523ad2329ca838a636698b5c135d11/ty-0.0.63-py3-none-manylinux_2_17_armv7l.manylinux2014_armv7l.whl", hash = "sha256:0da1e8183aa4f893421a173904478021498f542ee41273660538da6649a9631c", size = 11853141, upload-time = "2026-07-23T11:41:12.151Z" },
    { url = "https://files.pythonhosted.org/packages/ea/90/f8effd846e3ee13486ea08257c13094d58b9f188c5641bf609d6a7d5c09f/ty-0.0.63-py3-none-manylinux_2_17_i686.manylinux2014_i686.whl", hash = "sha256:128f38eb5a67199e3811426386f7ec96f41251ddf45e04ddc0bcbb29d4853245", size = 12545184, upload-time = "2026-07-23T11:41:14.4Z" },
    { url = "https://files.pythonhosted.org/packages/b8/76/aac3a30d40431eb1d329acea016b248f5b6255e30ef3d28e19447e344be2/ty-0.0.63-py3-none-manylinux_2_17_ppc64le.manylinux2014_ppc64le.whl", hash = "sha256:bedf34aff8b0557f2a7119b314a68a9c9e58c1d21554d0e2748f2c5fe6a1f638", size = 13062375, upload-time = "2026-07-23T11:41:16.441Z" },
    { url = "https://files.pythonhosted.org/packages/62/3d/0158733932893e17f6008dadd74c8d7aed422fefc66e47fe77888014fe8c/ty-0.0.63-py3-none-manylinux_2_17_s390x.manylinux2014_s390x.whl", hash = "sha256:7328d63c34587606dce02935a25404f54cd0161bfe413b8f7fc21d174aead612", size = 12619461, upload-time = "2026-07-23T11:41:18.538Z" },
    { url = "https://files.pythonhosted.org/packages/f5/be/e280ad095b050778f16f493d49a073fa5f6d8f301d3e2e59be6a672ba05c/ty-0.0.63-py3-none-manylinux_2_17_x86_64.manylinux2014_x86_64.whl", hash = "sha256:504c4457f3a62afe836c1f26a2c9a12549299095f9cc4146778558df51a7515c", size = 12376402, upload-time = "2026-07-23T11:41:20.482Z" },
    { url = "https://files.pythonhosted.org/packages/57/57/619788bf335cb86b090470b557ae1eed33613dc24e12142505d32b462e58/ty-0.0.63-py3-none-manylinux_2_31_riscv64.whl", hash = "sha256:7394ed39424b027c89d5f0c818871c791e33958b88f5bb13e14bd4a12a3ca631", size = 12671377, upload-time = "2026-07-23T11:41:22.489Z" },
    { url = "https://files.pythonhosted.org/packages/07/a2/0aff2cdd3c98e2c4729337542b8da0ce1980790e1600e0c4a717a1f46293/ty-0.0.63-py3-none-musllinux_1_2_aarch64.whl", hash = "sha256:94c3f155230490f8fb505911655e940c630c25cc0c35a76690cb413254fb4437", size = 11768090, upload-time = "2026-07-23T11:41:24.558Z" },
    { url = "https://files.pythonhosted.org/packages/43/4a/cdb5f1d26154144dfee08e1bd671daf827238170f7cee9dad43990bb2016/ty-0.0.63-py3-none-musllinux_1_2_armv7l.whl", hash = "sha256:c16e1d8b4f0ae99106d5f13a894034a202baf6cdab61e2bb1a239de82904f839", size = 11867747, upload-time = "2026-07-23T11:41:26.794Z" },
    { url = "https://files.pythonhosted.org/packages/7e/26/ecc09ecb70bc9fbfdf42fa57ff29568f173e8200df575a0d72dc2b8486f9/ty-0.0.63-py3-none-musllinux_1_2_i686.whl", hash = "sha256:b66293dad89eaed4b9fbf3b661614dbeb85b59ba037178a3f9a0adedf264da5c", size = 12120000, upload-time = "2026-07-23T11:41:28.731Z" },
    { url = "https://files.pythonhosted.org/packages/14/07/862822f9c2c397785b69b25cf79b4dfc3c0d55684b9adf11ac194450f8e1/ty-0.0.63-py3-none-musllinux_1_2_x86_64.whl", hash = "sha256:8b29cc832e2ec73502c97dd7325d6ae0e085b34a33529a0f785192317d9862fc", size = 12477862, upload-time = "2026-07-23T11:41:30.847Z" },
    { url = "https://files.pythonhosted.org/packages/d0/c2/50b08b641578d6f48e8aa28a91d0de32c91aa24dd926ed199e8afd2d37ea/ty-0.0.63-py3-none-win32.whl", hash = "sha256:f0a8fbfd1f990c0c5d85cce018d438969ac79e49247e2192c9745394bb7d17ab", size = 11433155, upload-time = "2026-07-23T11:41:33.28Z" },
    { url = "https://files.pythonhosted.org/packages/92/2d/d422a5568f0d1f317186be22241288dc6e08b71dc24aca223f22038ac2d2/ty-0.0.63-py3-none-win_amd64.whl", hash = "sha256:2aa2370bdd6f42e9f37518c812379bef70b9162f9e5aad511495229b0b71cb93", size = 12450036, upload-time = "2026-07-23T11:41:35.559Z" },
    { url = "https://files.pythonhosted.org/packages/35/97/2c9748e28ead0650c7ad3e5f74f178832ceabd7cb5c272a882f29eb32ee4/ty-0.0.63-py3-none-win_arm64.whl", hash = "sha256:95ac1a62162c3c7ac204731e95ebf766d62a46a7bfa238a6acbe923fcb772cb1", size = 11826243, upload-time = "2026-07-23T11:41:37.749Z" },
]

[[package]]
name = "uv-build"
version = "0.11.24"
source = { registry = "https://pypi.org/simple" }
sdist = { url = "https://files.pythonhosted.org/packages/3c/7f/ab6bb2463ef37bb4d6b00ba92ff76103830411eabf16ca7f2688d3f465ca/uv_build-0.11.24.tar.gz", hash = "sha256:3515e95b28ff73642e8659b10cf4820520a53f98951c7320fdad5ee4f5525ee5", size = 401361, upload-time = "2026-06-23T21:13:57.456Z" }
wheels = [
    { url = "https://files.pythonhosted.org/packages/0b/b5/119bb4a39ef89e1ca59a68e0c322d46b3b2001866cc68f44ef79aa7b28aa/uv_build-0.11.24-py3-none-linux_armv6l.whl", hash = "sha256:84461de4053c8ac370f5f3a6b7caf2d75ce15b2d267b601d9439e92804778f36", size = 1540979, upload-time = "2026-06-23T21:13:31.04Z" },
    { url = "https://files.pythonhosted.org/packages/f6/84/730a564abd72a627a5bd32bed9cca42631e8cf3b215846b760dec9f45ae6/uv_build-0.11.24-py3-none-macosx_10_12_x86_64.whl", hash = "sha256:ab0ac39761eddab2998ff8fc1fc900ed392ae3877e3e7d92c0e7e1c670eb8ef2", size = 1481643, upload-time = "2026-06-23T21:13:32.497Z" },
    { url = "https://files.pythonhosted.org/packages/d0/71/29ac5ac34213f370909e1dcb0c996c5c794c19505ec123fafa6328310348/uv_build-0.11.24-py3-none-macosx_11_0_arm64.whl", hash = "sha256:7e2a95d52659db8927bbcce5e05d8e007d72c9c9b66f42d31d7770fd89379170", size = 1378515, upload-time = "2026-06-23T21:13:33.828Z" },
    { url = "https://files.pythonhosted.org/packages/9f/b6/88c2e83221188e9b0c0895fb143f972e0b5e5d1503043c3016d782e6bddc/uv_build-0.11.24-py3-none-manylinux_2_17_aarch64.manylinux2014_aarch64.musllinux_1_1_aarch64.whl", hash = "sha256:4b429f1e92eca247afc2fd5a9bd6c1f0fc098789952226f9bb70db984d89bbe1", size = 1624209, upload-time = "2026-06-23T21:13:35.114Z" },
    { url = "https://files.pythonhosted.org/packages/21/1a/69bf66dfd8f3f4525e1392ce56a5001210a60abd7574409d70a6c275788a/uv_build-0.11.24-py3-none-manylinux_2_17_armv7l.manylinux2014_armv7l.whl", hash = "sha256:710b37ef2abe89200d1e87351e5c7bf3949a0bb7d173c5402070404200427961", size = 1510031, upload-time = "2026-06-23T21:13:36.674Z" },
    { url = "https://files.pythonhosted.org/packages/8f/c3/8ee686d1d0b60c8ef6935adbeb7f908074b83e6f29fa3e8743fc2cdf56cf/uv_build-0.11.24-py3-none-manylinux_2_17_i686.manylinux2014_i686.whl", hash = "sha256:96102cf7fe744a12af93ddf0981bf21a6848bc97d654f8b18a2476a90161eb6a", size = 1671666, upload-time = "2026-06-23T21:13:38.195Z" },
    { url = "https://files.pythonhosted.org/packages/ca/a1/5fe0a8b3c2e59d8b668d523acec21d6ea9cbbcf49e56502eb51b93b2a17f/uv_build-0.11.24-py3-none-manylinux_2_17_ppc64le.manylinux2014_ppc64le.whl", hash = "sha256:1637aa1363669b0c5f7fd02721194802cfcbb903d85935a865b529a60bdf1de6", size = 1699546, upload-time = "2026-06-23T21:13:39.637Z" },
    { url = "https://files.pythonhosted.org/packages/b7/e3/645f7a571d81a78e24873713db4c333794585f2736992719223e9bf08d00/uv_build-0.11.24-py3-none-manylinux_2_17_s390x.manylinux2014_s390x.whl", hash = "sha256:98c734a9e6d680d396d7f21f4a44647a12cec52c2e52567ddbc5e087fb1b33ea", size = 1616487, upload-time = "2026-06-23T21:13:41.082Z" },
    { url = "https://files.pythonhosted.org/packages/f1/3f/983a990083a500ca0e2389f1043a65d11942bd3371c7334222330598c512/uv_build-0.11.24-py3-none-manylinux_2_17_x86_64.manylinux2014_x86_64.whl", hash = "sha256:58b022c544f91a363db6ae04ac151aa2acfe95962167126526c8ace68bc48f41", size = 1629941, upload-time = "2026-06-23T21:13:42.677Z" },
    { url = "https://files.pythonhosted.org/packages/ec/47/b9484b1a4a1a45a4b8646ecf9875e68f1624dc4e8e13a9d349ba4db52d37/uv_build-0.11.24-py3-none-manylinux_2_28_aarch64.whl", hash = "sha256:40c67de595c648dbb8504d9fbf217cd0dd06709f04c069be284de6d898ffc6cd", size = 1619928, upload-time = "2026-06-23T21:13:44.105Z" },
    { url = "https://files.pythonhosted.org/packages/f7/22/6d872a6b1f9f02dfce897c4c9b7f6c019187da9bd364fcb236174a43d4dc/uv_build-0.11.24-py3-none-manylinux_2_31_riscv64.whl", hash = "sha256:5d3dd4013ea1e7099c7b9c20b10f3396b05b1df50885422d7188a4f9c8e0d63e", size = 1584142, upload-time = "2026-06-23T21:13:45.296Z" },
    { url = "https://files.pythonhosted.org/packages/98/60/dca711453fcbcbf34a89718a8a888d99030fc2440f3e0ac2585f9a9179cd/uv_build-0.11.24-py3-none-musllinux_1_1_armv7l.whl", hash = "sha256:7903597cfdc0c8ce01a8c6ce92b0b3fa564ddd76de39f63307543a0b7112d40e", size = 1526708, upload-time = "2026-06-23T21:13:46.809Z" },
    { url = "https://files.pythonhosted.org/packages/6c/4c/30f98aa98b3cd834fe8fd95a07ec7c417458bd82b17415f74f22d7fe1f49/uv_build-0.11.24-py3-none-musllinux_1_1_i686.whl", hash = "sha256:9eb39b829ea2d62e0c45ecd049b6a04f6917f5721fb3abede429aea466c48099", size = 1621986, upload-time = "2026-06-23T21:13:48.471Z" },
    { url = "https://files.pythonhosted.org/packages/94/d3/ab36352ef19e65d2461c525ee25457dcb1bcd2e396e408adda8b412c25d6/uv_build-0.11.24-py3-none-musllinux_1_1_riscv64.whl", hash = "sha256:55bacdece00057758fe89933155e4740c06b590cece2f582e48772d1d1ebecba", size = 1612629, upload-time = "2026-06-23T21:13:49.847Z" },
    { url = "https://files.pythonhosted.org/packages/10/5e/edbd6cc06c59c02174d39b8dae91bb6f345936ea0731f66f1b1100aa548a/uv_build-0.11.24-py3-none-musllinux_1_1_x86_64.whl", hash = "sha256:051995e9ae0f8ce7d45c68b41ea92771d9f0e5ab863734ec38b8f58613ff2b1f", size = 1691557, upload-time = "2026-06-23T21:13:51.178Z" },
    { url = "https://files.pythonhosted.org/packages/91/b4/f8575aae8a97a8a390ec782bc8ee44545e589debe08cf06ebdb16185ad72/uv_build-0.11.24-py3-none-win32.whl", hash = "sha256:42d8af30acfef050f185262cfe489fe06d163fda62935cba957c0aea565c5b5b", size = 1465894, upload-time = "2026-06-23T21:13:52.771Z" },
    { url = "https://files.pythonhosted.org/packages/c9/dd/a3aad03b439e7cc3c5e05eb3d38ac86e7a57c12a8a71e08ae73e2143bd2b/uv_build-0.11.24-py3-none-win_amd64.whl", hash = "sha256:8338beeeafb4ccb5ecb09f4b046a74ff0fbba8cfae33eae6e63b09df54cf4dde", size = 1538880, upload-time = "2026-06-23T21:13:54.363Z" },
    { url = "https://files.pythonhosted.org/packages/09/0d/a42d028d7eb58a041eea9ea0ea531a7992a1b4d87f7abdc49ef501a30b69/uv_build-0.11.24-py3-none-win_arm64.whl", hash = "sha256:7b47074fd609a6f903e82768c8d0f77abadfa242ea70a4d58a13c36a42f5dd48", size = 1455212, upload-time = "2026-06-23T21:13:56.139Z" },
]
