version = 1
revision = 3
requires-python = ">=3.13"

[[package]]
name = "anyio"
version = "4.12.1"
source = { registry = "https://pypi.org/simple" }
dependencies = [
    { name = "idna" },
]
sdist = { url = "https://files.pythonhosted.org/packages/96/f0/5eb65b2bb0d09ac6776f2eb54adee6abe8228ea05b20a5ad0e4945de8aac/anyio-4.12.1.tar.gz", hash = "sha256:41cfcc3a4c85d3f05c932da7c26d0201ac36f72abd4435ba90d0464a3ffed703", size = 228685, upload-time = "2026-01-06T11:45:21.246Z" }
wheels = [
    { url = "https://files.pythonhosted.org/packages/38/0e/27be9fdef66e72d64c0cdc3cc2823101b80585f8119b5c112c2e8f5f7dab/anyio-4.12.1-py3-none-any.whl", hash = "sha256:d405828884fc140aa80a3c667b8beed277f1dfedec42ba031bd6ac3db606ab6c", size = 113592, upload-time = "2026-01-06T11:45:19.497Z" },
]

[[package]]
name = "certifi"
version = "2026.2.25"
source = { registry = "https://pypi.org/simple" }
sdist = { url = "https://files.pythonhosted.org/packages/af/2d/7bf41579a8986e348fa033a31cdd0e4121114f6bce2457e8876010b092dd/certifi-2026.2.25.tar.gz", hash = "sha256:e887ab5cee78ea814d3472169153c2d12cd43b14bd03329a39a9c6e2e80bfba7", size = 155029, upload-time = "2026-02-25T02:54:17.342Z" }
wheels = [
    { url = "https://files.pythonhosted.org/packages/9a/3c/c17fb3ca2d9c3acff52e30b309f538586f9f5b9c9cf454f3845fc9af4881/certifi-2026.2.25-py3-none-any.whl", hash = "sha256:027692e4402ad994f1c42e52a4997a9763c646b73e4096e4d5d6db8af1d6f0fa", size = 153684, upload-time = "2026-02-25T02:54:15.766Z" },
]

[[package]]
name = "colorama"
version = "0.4.6"
source = { registry = "https://pypi.org/simple" }
sdist = { url = "https://files.pythonhosted.org/packages/d8/53/6f443c9a4a8358a93a6792e2acffb9d9d5cb0a5cfd8802644b7b1c9a02e4/colorama-0.4.6.tar.gz", hash = "sha256:08695f5cb7ed6e0531a20572697297273c47b8cae5a63ffc6d6ed5c201be6e44", size = 27697, upload-time = "2022-10-25T02:36:22.414Z" }
wheels = [
    { url = "https://files.pythonhosted.org/packages/d1/d6/3965ed04c63042e047cb6a3e6ed1a63a35087b6a609aa3a15ed8ac56c221/colorama-0.4.6-py2.py3-none-any.whl", hash = "sha256:4f1d9991f5acc0ca119f9d443620b77f9d6b33703e51011c16baf57afb285fc6", size = 25335, upload-time = "2022-10-25T02:36:20.889Z" },
]

[[package]]
name = "h11"
version = "0.16.0"
source = { registry = "https://pypi.org/simple" }
sdist = { url = "https://files.pythonhosted.org/packages/01/ee/02a2c011bdab74c6fb3c75474d40b3052059d95df7e73351460c8588d963/h11-0.16.0.tar.gz", hash = "sha256:4e35b956cf45792e4caa5885e69fba00bdbc6ffafbfa020300e549b208ee5ff1", size = 101250, upload-time = "2025-04-24T03:35:25.427Z" }
wheels = [
    { url = "https://files.pythonhosted.org/packages/04/4b/29cac41a4d98d144bf5f6d33995617b185d14b22401f75ca86f384e87ff1/h11-0.16.0-py3-none-any.whl", hash = "sha256:63cf8bbe7522de3bf65932fda1d9c2772064ffb3dae62d55932da54b31cb6c86", size = 37515, upload-time = "2025-04-24T03:35:24.344Z" },
]

[[package]]
name = "httpcore"
version = "1.0.9"
source = { registry = "https://pypi.org/simple" }
dependencies = [
    { name = "certifi" },
    { name = "h11" },
]
sdist = { url = "https://files.pythonhosted.org/packages/06/94/82699a10bca87a5556c9c59b5963f2d039dbd239f25bc2a63907a05a14cb/httpcore-1.0.9.tar.gz", hash = "sha256:6e34463af53fd2ab5d807f399a9b45ea31c3dfa2276f15a2c3f00afff6e176e8", size = 85484, upload-time = "2025-04-24T22:06:22.219Z" }
wheels = [
    { url = "https://files.pythonhosted.org/packages/7e/f5/f66802a942d491edb555dd61e3a9961140fd64c90bce1eafd741609d334d/httpcore-1.0.9-py3-none-any.whl", hash = "sha256:2d400746a40668fc9dec9810239072b40b4484b640a8c38fd654a024c7a1bf55", size = 78784, upload-time = "2025-04-24T22:06:20.566Z" },
]

[[package]]
name = "httpx"
version = "0.28.1"
source = { registry = "https://pypi.org/simple" }
dependencies = [
    { name = "anyio" },
    { name = "certifi" },
    { name = "httpcore" },
    { name = "idna" },
]
sdist = { url = "https://files.pythonhosted.org/packages/b1/df/48c586a5fe32a0f01324ee087459e112ebb7224f646c0b5023f5e79e9956/httpx-0.28.1.tar.gz", hash = "sha256:75e98c5f16b0f35b567856f597f06ff2270a374470a5c2392242528e3e3e42fc", size = 141406, upload-time = "2024-12-06T15:37:23.222Z" }
wheels = [
    { url = "https://files.pythonhosted.org/packages/2a/39/e50c7c3a983047577ee07d2a9e53faf5a69493943ec3f6a384bdc792deb2/httpx-0.28.1-py3-none-any.whl", hash = "sha256:d909fcccc110f8c7faf814ca82a9a4d816bc5a6dbfea25d6591d6985b8ba59ad", size = 73517, upload-time = "2024-12-06T15:37:21.509Z" },
]

[[package]]
name = "hymns"
version = "2026.2.0"
source = { editable = "." }
dependencies = [
    { name = "httpx" },
    { name = "pymupdf" },
    { name = "pypng" },
    { name = "qrcode" },
]

[package.dev-dependencies]
dev = [
    { name = "ruff" },
    { name = "ty" },
    { name = "uv-build" },
]

[package.metadata]
requires-dist = [
    { name = "httpx", specifier = ">=0.28.1" },
    { name = "pymupdf", specifier = ">=1.26.1" },
    { name = "pypng", specifier = ">=0.20220715.0" },
    { name = "qrcode", specifier = ">=8.2" },
]

[package.metadata.requires-dev]
dev = [
    { name = "ruff", specifier = ">=0.15.4" },
    { name = "ty", specifier = ">=0.0.9" },
    { name = "uv-build", specifier = ">=0.10.7" },
]

[[package]]
name = "idna"
version = "3.11"
source = { registry = "https://pypi.org/simple" }
sdist = { url = "https://files.pythonhosted.org/packages/6f/6d/0703ccc57f3a7233505399edb88de3cbd678da106337b9fcde432b65ed60/idna-3.11.tar.gz", hash = "sha256:795dafcc9c04ed0c1fb032c2aa73654d8e8c5023a7df64a53f39190ada629902", size = 194582, upload-time = "2025-10-12T14:55:20.501Z" }
wheels = [
    { url = "https://files.pythonhosted.org/packages/0e/61/66938bbb5fc52dbdf84594873d5b51fb1f7c7794e9c0f5bd885f30bc507b/idna-3.11-py3-none-any.whl", hash = "sha256:771a87f49d9defaf64091e6e6fe9c18d4833f140bd19464795bc32d966ca37ea", size = 71008, upload-time = "2025-10-12T14:55:18.883Z" },
]

[[package]]
name = "pymupdf"
version = "1.27.2"
source = { registry = "https://pypi.org/simple" }
sdist = { url = "https://files.pythonhosted.org/packages/a4/fb/d80374ab091ab7ad5a5e7981a45c877ae094db668c1ab4d30f1109a4ec6a/pymupdf-1.27.2.tar.gz", hash = "sha256:37fc9cedeafb40839f86a074d4d9feab725144bdd4bbfd20308ff8957e2b10af", size = 85353104, upload-time = "2026-03-10T12:53:01.697Z" }
wheels = [
    { url = "https://files.pythonhosted.org/packages/98/ee/2c10b6bde83ee42f5150b690ace952a802a7e632776dadd42bbfe5b68601/pymupdf-1.27.2-cp310-abi3-macosx_10_9_x86_64.whl", hash = "sha256:a60ff9010d7025428e31d92ac2c9b4218c7c4844409d0b31a050565ea0a955fd", size = 23987468, upload-time = "2026-03-10T12:37:06.593Z" },
    { url = "https://files.pythonhosted.org/packages/44/06/c8cc8c8ade83f5a75ac0f543edc2bc3c52d8c38c1d55d1e0713558258540/pymupdf-1.27.2-cp310-abi3-macosx_11_0_arm64.whl", hash = "sha256:5095efb242cfe1c46fec1c864a13f000098564829c98366582dde7ad9e61aa32", size = 23262964, upload-time = "2026-03-10T12:37:23.915Z" },
    { url = "https://files.pythonhosted.org/packages/1a/8e/df2ab91a680a77c82bc4501cdca60767b3758d75552e4d2849647a16cbc0/pymupdf-1.27.2-cp310-abi3-manylinux_2_28_aarch64.whl", hash = "sha256:1081235fcfad268d801cd73a7b69c629939e2c46ed4d97035cb1bb7b5b90dc54", size = 24318675, upload-time = "2026-03-10T12:37:42.249Z" },
    { url = "https://files.pythonhosted.org/packages/ab/56/c6c16fa2dcfe2476ec28a9aaaca773dc35c593699e81e573211c91442770/pymupdf-1.27.2-cp310-abi3-manylinux_2_28_x86_64.whl", hash = "sha256:917f4dd52daea504d5c60e1430c17d637b5014a43e66d068b4b356effe087dba", size = 24947974, upload-time = "2026-03-10T12:38:00.779Z" },
    { url = "https://files.pythonhosted.org/packages/7b/4f/1659f1d80b5d2f5aad134c2ca63894c63daf47a3ffb7e18987fe25e49097/pymupdf-1.27.2-cp310-abi3-musllinux_1_2_x86_64.whl", hash = "sha256:9617d5e71c334937c804544fa201946c5f73d0a97b5842b96857bdabfefbc343", size = 25169417, upload-time = "2026-03-10T12:38:18.912Z" },
    { url = "https://files.pythonhosted.org/packages/05/23/e34d704f7242885dd1d67cfbe1040051a04b4b7e2cf1cbd27af9bd4500a3/pymupdf-1.27.2-cp310-abi3-win32.whl", hash = "sha256:6deef49e06c9a5d8670bf5835a911ab887dac4b3ed4bd60ab7d93da6aa8ff6f1", size = 18008725, upload-time = "2026-03-10T12:38:31.915Z" },
    { url = "https://files.pythonhosted.org/packages/f5/fb/a3f1f8813f6e93c65d1f7ebca6530a889f1ae109229b537f7a617b2aab57/pymupdf-1.27.2-cp310-abi3-win_amd64.whl", hash = "sha256:acdfdb7329882246545a0f6bc85f91739e2773ed81f9301c1687cffb826470f3", size = 19237944, upload-time = "2026-03-10T12:38:45.603Z" },
    { url = "https://files.pythonhosted.org/packages/e6/a4/e9257882f0569a21d51207a58f7586a799e76dc6b4008029a04f2329194c/pymupdf-1.27.2-cp314-cp314t-manylinux_2_28_x86_64.whl", hash = "sha256:261c916915cede4c546559810d3210277f86f31b52dd3de138f1e12d95a4c6b6", size = 24985149, upload-time = "2026-03-10T12:39:02.636Z" },
]

[[package]]
name = "pypng"
version = "0.20220715.0"
source = { registry = "https://pypi.org/simple" }
sdist = { url = "https://files.pythonhosted.org/packages/93/cd/112f092ec27cca83e0516de0a3368dbd9128c187fb6b52aaaa7cde39c96d/pypng-0.20220715.0.tar.gz", hash = "sha256:739c433ba96f078315de54c0db975aee537cbc3e1d0ae4ed9aab0ca1e427e2c1", size = 128992, upload-time = "2022-07-15T14:11:05.301Z" }
wheels = [
    { url = "https://files.pythonhosted.org/packages/3e/b9/3766cc361d93edb2ce81e2e1f87dd98f314d7d513877a342d31b30741680/pypng-0.20220715.0-py3-none-any.whl", hash = "sha256:4a43e969b8f5aaafb2a415536c1a8ec7e341cd6a3f957fd5b5f32a4cfeed902c", size = 58057, upload-time = "2022-07-15T14:11:03.713Z" },
]

[[package]]
name = "qrcode"
version = "8.2"
source = { registry = "https://pypi.org/simple" }
dependencies = [
    { name = "colorama", marker = "sys_platform == 'win32'" },
]
sdist = { url = "https://files.pythonhosted.org/packages/8f/b2/7fc2931bfae0af02d5f53b174e9cf701adbb35f39d69c2af63d4a39f81a9/qrcode-8.2.tar.gz", hash = "sha256:35c3f2a4172b33136ab9f6b3ef1c00260dd2f66f858f24d88418a015f446506c", size = 43317, upload-time = "2025-05-01T15:44:24.726Z" }
wheels = [
    { url = "https://files.pythonhosted.org/packages/dd/b8/d2d6d731733f51684bbf76bf34dab3b70a9148e8f2cef2bb544fccec681a/qrcode-8.2-py3-none-any.whl", hash = "sha256:16e64e0716c14960108e85d853062c9e8bba5ca8252c0b4d0231b9df4060ff4f", size = 45986, upload-time = "2025-05-01T15:44:22.781Z" },
]

[[package]]
name = "ruff"
version = "0.15.6"
source = { registry = "https://pypi.org/simple" }
sdist = { url = "https://files.pythonhosted.org/packages/51/df/f8629c19c5318601d3121e230f74cbee7a3732339c52b21daa2b82ef9c7d/ruff-0.15.6.tar.gz", hash = "sha256:8394c7bb153a4e3811a4ecdacd4a8e6a4fa8097028119160dffecdcdf9b56ae4", size = 4597916, upload-time = "2026-03-12T23:05:47.51Z" }
wheels = [
    { url = "https://files.pythonhosted.org/packages/9e/2f/4e03a7e5ce99b517e98d3b4951f411de2b0fa8348d39cf446671adcce9a2/ruff-0.15.6-py3-none-linux_armv6l.whl", hash = "sha256:7c98c3b16407b2cf3d0f2b80c80187384bc92c6774d85fefa913ecd941256fff", size = 10508953, upload-time = "2026-03-12T23:05:17.246Z" },
    { url = "https://files.pythonhosted.org/packages/70/60/55bcdc3e9f80bcf39edf0cd272da6fa511a3d94d5a0dd9e0adf76ceebdb4/ruff-0.15.6-py3-none-macosx_10_12_x86_64.whl", hash = "sha256:ee7dcfaad8b282a284df4aa6ddc2741b3f4a18b0555d626805555a820ea181c3", size = 10942257, upload-time = "2026-03-12T23:05:23.076Z" },
    { url = "https://files.pythonhosted.org/packages/e7/f9/005c29bd1726c0f492bfa215e95154cf480574140cb5f867c797c18c790b/ruff-0.15.6-py3-none-macosx_11_0_arm64.whl", hash = "sha256:3bd9967851a25f038fc8b9ae88a7fbd1b609f30349231dffaa37b6804923c4bb", size = 10322683, upload-time = "2026-03-12T23:05:33.738Z" },
    { url = "https://files.pythonhosted.org/packages/5f/74/2f861f5fd7cbb2146bddb5501450300ce41562da36d21868c69b7a828169/ruff-0.15.6-py3-none-manylinux_2_17_aarch64.manylinux2014_aarch64.whl", hash = "sha256:13f4594b04e42cd24a41da653886b04d2ff87adbf57497ed4f728b0e8a4866f8", size = 10660986, upload-time = "2026-03-12T23:05:53.245Z" },
    { url = "https://files.pythonhosted.org/packages/c1/a1/309f2364a424eccb763cdafc49df843c282609f47fe53aa83f38272389e0/ruff-0.15.6-py3-none-manylinux_2_17_armv7l.manylinux2014_armv7l.whl", hash = "sha256:e2ed8aea2f3fe57886d3f00ea5b8aae5bf68d5e195f487f037a955ff9fbaac9e", size = 10332177, upload-time = "2026-03-12T23:05:56.145Z" },
    { url = "https://files.pythonhosted.org/packages/30/41/7ebf1d32658b4bab20f8ac80972fb19cd4e2c6b78552be263a680edc55ac/ruff-0.15.6-py3-none-manylinux_2_17_i686.manylinux2014_i686.whl", hash = "sha256:70789d3e7830b848b548aae96766431c0dc01a6c78c13381f423bf7076c66d15", size = 11170783, upload-time = "2026-03-12T23:06:01.742Z" },
    { url = "https://files.pythonhosted.org/packages/76/be/6d488f6adca047df82cd62c304638bcb00821c36bd4881cfca221561fdfc/ruff-0.15.6-py3-none-manylinux_2_17_ppc64le.manylinux2014_ppc64le.whl", hash = "sha256:542aaf1de3154cea088ced5a819ce872611256ffe2498e750bbae5247a8114e9", size = 12044201, upload-time = "2026-03-12T23:05:28.697Z" },
    { url = "https://files.pythonhosted.org/packages/71/68/e6f125df4af7e6d0b498f8d373274794bc5156b324e8ab4bf5c1b4fc0ec7/ruff-0.15.6-py3-none-manylinux_2_17_s390x.manylinux2014_s390x.whl", hash = "sha256:1c22e6f02c16cfac3888aa636e9eba857254d15bbacc9906c9689fdecb1953ab", size = 11421561, upload-time = "2026-03-12T23:05:31.236Z" },
    { url = "https://files.pythonhosted.org/packages/f1/9f/f85ef5fd01a52e0b472b26dc1b4bd228b8f6f0435975442ffa4741278703/ruff-0.15.6-py3-none-manylinux_2_17_x86_64.manylinux2014_x86_64.whl", hash = "sha256:98893c4c0aadc8e448cfa315bd0cc343a5323d740fe5f28ef8a3f9e21b381f7e", size = 11310928, upload-time = "2026-03-12T23:05:45.288Z" },
    { url = "https://files.pythonhosted.org/packages/8c/26/b75f8c421f5654304b89471ed384ae8c7f42b4dff58fa6ce1626d7f2b59a/ruff-0.15.6-py3-none-manylinux_2_31_riscv64.whl", hash = "sha256:70d263770d234912374493e8cc1e7385c5d49376e41dfa51c5c3453169dc581c", size = 11235186, upload-time = "2026-03-12T23:05:50.677Z" },
    { url = "https://files.pythonhosted.org/packages/fc/d4/d5a6d065962ff7a68a86c9b4f5500f7d101a0792078de636526c0edd40da/ruff-0.15.6-py3-none-musllinux_1_2_aarch64.whl", hash = "sha256:55a1ad63c5a6e54b1f21b7514dfadc0c7fb40093fa22e95143cf3f64ebdcd512", size = 10635231, upload-time = "2026-03-12T23:05:37.044Z" },
    { url = "https://files.pythonhosted.org/packages/d6/56/7c3acf3d50910375349016cf33de24be021532042afbed87942858992491/ruff-0.15.6-py3-none-musllinux_1_2_armv7l.whl", hash = "sha256:8dc473ba093c5ec238bb1e7429ee676dca24643c471e11fbaa8a857925b061c0", size = 10340357, upload-time = "2026-03-12T23:06:04.748Z" },
    { url = "https://files.pythonhosted.org/packages/06/54/6faa39e9c1033ff6a3b6e76b5df536931cd30caf64988e112bbf91ef5ce5/ruff-0.15.6-py3-none-musllinux_1_2_i686.whl", hash = "sha256:85b042377c2a5561131767974617006f99f7e13c63c111b998f29fc1e58a4cfb", size = 10860583, upload-time = "2026-03-12T23:05:58.978Z" },
    { url = "https://files.pythonhosted.org/packages/cb/1e/509a201b843b4dfb0b32acdedf68d951d3377988cae43949ba4c4133a96a/ruff-0.15.6-py3-none-musllinux_1_2_x86_64.whl", hash = "sha256:cef49e30bc5a86a6a92098a7fbf6e467a234d90b63305d6f3ec01225a9d092e0", size = 11410976, upload-time = "2026-03-12T23:05:39.955Z" },
    { url = "https://files.pythonhosted.org/packages/6c/25/3fc9114abf979a41673ce877c08016f8e660ad6cf508c3957f537d2e9fa9/ruff-0.15.6-py3-none-win32.whl", hash = "sha256:bbf67d39832404812a2d23020dda68fee7f18ce15654e96fb1d3ad21a5fe436c", size = 10616872, upload-time = "2026-03-12T23:05:42.451Z" },
    { url = "https://files.pythonhosted.org/packages/89/7a/09ece68445ceac348df06e08bf75db72d0e8427765b96c9c0ffabc1be1d9/ruff-0.15.6-py3-none-win_amd64.whl", hash = "sha256:aee25bc84c2f1007ecb5037dff75cef00414fdf17c23f07dc13e577883dca406", size = 11787271, upload-time = "2026-03-12T23:05:20.168Z" },
    { url = "https://files.pythonhosted.org/packages/7f/d0/578c47dd68152ddddddf31cd7fc67dc30b7cdf639a86275fda821b0d9d98/ruff-0.15.6-py3-none-win_arm64.whl", hash = "sha256:c34de3dd0b0ba203be50ae70f5910b17188556630e2178fd7d79fc030eb0d837", size = 11060497, upload-time = "2026-03-12T23:05:25.968Z" },
]

[[package]]
name = "ty"
version = "0.0.23"
source = { registry = "https://pypi.org/simple" }
sdist = { url = "https://files.pythonhosted.org/packages/75/ba/d3c998ff4cf6b5d75b39356db55fe1b7caceecc522b9586174e6a5dee6f7/ty-0.0.23.tar.gz", hash = "sha256:5fb05db58f202af366f80ef70f806e48f5237807fe424ec787c9f289e3f3a4ef", size = 5341461, upload-time = "2026-03-13T12:34:23.125Z" }
wheels = [
    { url = "https://files.pythonhosted.org/packages/f4/21/aab32603dfdfacd4819e52fa8c6074e7bd578218a5142729452fc6a62db6/ty-0.0.23-py3-none-linux_armv6l.whl", hash = "sha256:e810eef1a5f1cfc0731a58af8d2f334906a96835829767aed00026f1334a8dd7", size = 10329096, upload-time = "2026-03-13T12:34:09.432Z" },
    { url = "https://files.pythonhosted.org/packages/9f/a9/dd3287a82dce3df546ec560296208d4905dcf06346b6e18c2f3c63523bd1/ty-0.0.23-py3-none-macosx_10_12_x86_64.whl", hash = "sha256:e43d36bd89a151ddcad01acaeff7dcc507cb73ff164c1878d2d11549d39a061c", size = 10156631, upload-time = "2026-03-13T12:34:53.122Z" },
    { url = "https://files.pythonhosted.org/packages/0f/01/3f25909b02fac29bb0a62b2251f8d62e65d697781ffa4cf6b47a4c075c85/ty-0.0.23-py3-none-macosx_11_0_arm64.whl", hash = "sha256:bd6a340969577b4645f231572c4e46012acba2d10d4c0c6570fe1ab74e76ae00", size = 9653211, upload-time = "2026-03-13T12:34:15.049Z" },
    { url = "https://files.pythonhosted.org/packages/d5/60/bfc0479572a6f4b90501c869635faf8d84c8c68ffc5dd87d04f049affabc/ty-0.0.23-py3-none-manylinux_2_17_aarch64.manylinux2014_aarch64.whl", hash = "sha256:341441783e626eeb7b1ec2160432956aed5734932ab2d1c26f94d0c98b229937", size = 10156143, upload-time = "2026-03-13T12:34:34.468Z" },
    { url = "https://files.pythonhosted.org/packages/3a/81/8a93e923535a340f54bea20ff196f6b2787782b2f2f399bd191c4bc132d6/ty-0.0.23-py3-none-manylinux_2_17_armv7l.manylinux2014_armv7l.whl", hash = "sha256:8ce1dc66c26d4167e2c78d12fa870ef5a7ec9cc344d2baaa6243297cfa88bd52", size = 10136632, upload-time = "2026-03-13T12:34:28.832Z" },
    { url = "https://files.pythonhosted.org/packages/da/cb/2ac81c850c58acc9f976814404d28389c9c1c939676e32287b9cff61381e/ty-0.0.23-py3-none-manylinux_2_17_i686.manylinux2014_i686.whl", hash = "sha256:bae1e7a294bf8528836f7617dc5c360ea2dddb63789fc9471ae6753534adca05", size = 10655025, upload-time = "2026-03-13T12:34:37.105Z" },
    { url = "https://files.pythonhosted.org/packages/b5/9b/bac771774c198c318ae699fc013d8cd99ed9caf993f661fba11238759244/ty-0.0.23-py3-none-manylinux_2_17_ppc64le.manylinux2014_ppc64le.whl", hash = "sha256:d2b162768764d9dc177c83fb497a51532bb67cbebe57b8fa0f2668436bf53f3c", size = 11230107, upload-time = "2026-03-13T12:34:20.751Z" },
    { url = "https://files.pythonhosted.org/packages/14/09/7644fb0e297265e18243f878aca343593323b9bb19ed5278dcbc63781be0/ty-0.0.23-py3-none-manylinux_2_17_s390x.manylinux2014_s390x.whl", hash = "sha256:d28384e48ca03b34e4e2beee0e230c39bbfb68994bb44927fec61ef3642900da", size = 10934177, upload-time = "2026-03-13T12:34:17.904Z" },
    { url = "https://files.pythonhosted.org/packages/18/14/69a25a0cad493fb6a947302471b579a03516a3b00e7bece77fdc6b4afb9b/ty-0.0.23-py3-none-manylinux_2_17_x86_64.manylinux2014_x86_64.whl", hash = "sha256:559d9a299df793cb7a7902caed5eda8a720ff69164c31c979673e928f02251ee", size = 10752487, upload-time = "2026-03-13T12:34:31.785Z" },
    { url = "https://files.pythonhosted.org/packages/9d/2a/42fc3cbccf95af0a62308ebed67e084798ab7a85ef073c9986ef18032743/ty-0.0.23-py3-none-musllinux_1_2_aarch64.whl", hash = "sha256:32a7b8a14a98e1d20a9d8d2af23637ed7efdb297ac1fa2450b8e465d05b94482", size = 10133007, upload-time = "2026-03-13T12:34:42.838Z" },
    { url = "https://files.pythonhosted.org/packages/e1/69/307833f1b52fa3670e0a1d496e43ef7df556ecde838192d3fcb9b35e360d/ty-0.0.23-py3-none-musllinux_1_2_armv7l.whl", hash = "sha256:6f803b9b9cca87af793467973b9abdd4b83e6b96d9b5e749d662cff7ead70b6d", size = 10169698, upload-time = "2026-03-13T12:34:12.351Z" },
    { url = "https://files.pythonhosted.org/packages/89/ae/5dd379ec22d0b1cba410d7af31c366fcedff191d5b867145913a64889f66/ty-0.0.23-py3-none-musllinux_1_2_i686.whl", hash = "sha256:4a0bf086ec8e2197b7ea7ebfcf4be36cb6a52b235f8be61647ef1b2d99d6ffd3", size = 10346080, upload-time = "2026-03-13T12:34:40.012Z" },
    { url = "https://files.pythonhosted.org/packages/98/c7/dfc83203d37998620bba9c4873a080c8850a784a8a46f56f8163c5b4e320/ty-0.0.23-py3-none-musllinux_1_2_x86_64.whl", hash = "sha256:252539c3fcd7aeb9b8d5c14e2040682c3e1d7ff640906d63fd2c4ce35865a4ba", size = 10848162, upload-time = "2026-03-13T12:34:45.421Z" },
    { url = "https://files.pythonhosted.org/packages/89/08/05481511cfbcc1fd834b6c67aaae090cb609a079189ddf2032139ccfc490/ty-0.0.23-py3-none-win32.whl", hash = "sha256:51b591d19eef23bbc3807aef77d38fa1f003c354e1da908aa80ea2dca0993f77", size = 9748283, upload-time = "2026-03-13T12:34:50.607Z" },
    { url = "https://files.pythonhosted.org/packages/31/2e/eaed4ff5c85e857a02415084c394e02c30476b65e158eec1938fdaa9a205/ty-0.0.23-py3-none-win_amd64.whl", hash = "sha256:1e137e955f05c501cfbb81dd2190c8fb7d01ec037c7e287024129c722a83c9ad", size = 10698355, upload-time = "2026-03-13T12:34:26.134Z" },
    { url = "https://files.pythonhosted.org/packages/91/29/b32cb7b4c7d56b9ed50117f8ad6e45834aec293e4cb14749daab4e9236d5/ty-0.0.23-py3-none-win_arm64.whl", hash = "sha256:a0399bd13fd2cd6683fd0a2d59b9355155d46546d8203e152c556ddbdeb20842", size = 10155890, upload-time = "2026-03-13T12:34:48.082Z" },
]

[[package]]
name = "uv-build"
version = "0.11.1"
source = { registry = "https://pypi.org/simple" }
sdist = { url = "https://files.pythonhosted.org/packages/b5/a8/f478d794d113cb57602d352c70e4254488d352ae4af76b19ededc92516df/uv_build-0.11.1.tar.gz", hash = "sha256:d32a697528430fd9571487f7dada172e4cc6216ca8fcf43c2f4fce5f12cd0f3e", size = 381246, upload-time = "2026-03-24T23:13:42.195Z" }
wheels = [
    { url = "https://files.pythonhosted.org/packages/24/59/6cea94307a0c0968827879d4a8f2dc20a121e4a1b740a50e4cba5bb85017/uv_build-0.11.1-py3-none-linux_armv6l.whl", hash = "sha256:2e5e606abb3acbdc1ae88734f6f3d6ef16960daa9a9464b250904144b63725fd", size = 1530500, upload-time = "2026-03-24T23:13:24.295Z" },
    { url = "https://files.pythonhosted.org/packages/df/6b/c3b09c481138acf07ccff6be28902619c5c604ca2b6e22dfa5973c202d59/uv_build-0.11.1-py3-none-macosx_10_12_x86_64.whl", hash = "sha256:b292ab6b4baebfba4065b6db53fd9fa5ae71752edf444d40c8fc8e3749deb6f3", size = 1475355, upload-time = "2026-03-24T23:13:22.757Z" },
    { url = "https://files.pythonhosted.org/packages/26/58/41e169eb878342352846b6684ba0b7b7abe10969527161a2539af7861851/uv_build-0.11.1-py3-none-macosx_11_0_arm64.whl", hash = "sha256:4a05bea46db055825ffc054ee6dfde74e978432b3b3e7b1bcef2bd36b20cd31a", size = 1430620, upload-time = "2026-03-24T23:13:34.67Z" },
    { url = "https://files.pythonhosted.org/packages/eb/e3/53dffc6d298193d741c5e591c82c876643ff9bf25f29234354d82d89703b/uv_build-0.11.1-py3-none-manylinux_2_17_aarch64.manylinux2014_aarch64.musllinux_1_1_aarch64.whl", hash = "sha256:36d57837779af8df6e46ab6aaa09d1767000058216232b63d6f1470bf9701e42", size = 1611084, upload-time = "2026-03-24T23:13:43.201Z" },
    { url = "https://files.pythonhosted.org/packages/31/d4/f07e8a5c022ac6fdbd15a044eae204a9fb904ebb56024c2fb0f3f9bf8ebe/uv_build-0.11.1-py3-none-manylinux_2_17_armv7l.manylinux2014_armv7l.whl", hash = "sha256:3985fa27b3350c8a70818795b2129e09e63dd114fd1388401ba7900a88943c00", size = 1493169, upload-time = "2026-03-24T23:13:32.247Z" },
    { url = "https://files.pythonhosted.org/packages/6c/20/d2b2e7bd4c6c7dc81442e3cf4065405de14d8135c5f1270b6339d157ecf2/uv_build-0.11.1-py3-none-manylinux_2_17_i686.manylinux2014_i686.whl", hash = "sha256:86bc63cc28a9badf91bbb2f8f36c0016e86c49a5b94aa7a444c30b0c01e9cdc3", size = 1656993, upload-time = "2026-03-24T23:13:33.482Z" },
    { url = "https://files.pythonhosted.org/packages/db/a4/2755e446a55d8a04f2196cd6a7fe02825897f8959df33812fedfbdef56fb/uv_build-0.11.1-py3-none-manylinux_2_17_ppc64le.manylinux2014_ppc64le.whl", hash = "sha256:57d3c3d4017d1ac738436949f60a7e1e737043f22bd4abb4ed152d15d3e9d12d", size = 1692347, upload-time = "2026-03-24T23:13:27.089Z" },
    { url = "https://files.pythonhosted.org/packages/84/06/b8d21220fc93dbab434f1b98c13c44f940234f607bda245d89fbf40c5023/uv_build-0.11.1-py3-none-manylinux_2_17_s390x.manylinux2014_s390x.whl", hash = "sha256:ed1d7ea119a81c219c3d37758a2d271f4bd4ce22073725ab70e61408e30331bb", size = 1582474, upload-time = "2026-03-24T23:13:39.647Z" },
    { url = "https://files.pythonhosted.org/packages/59/fd/b7ec3bddde708f9824b4ca381f857d9d2bb6f4e6952a288b50f3e5cca12c/uv_build-0.11.1-py3-none-manylinux_2_17_x86_64.manylinux2014_x86_64.whl", hash = "sha256:1796062d3ba78665a20e06b45d5bdbec189beef552f936d18a2b27d290116649", size = 1617823, upload-time = "2026-03-24T23:13:36.461Z" },
    { url = "https://files.pythonhosted.org/packages/94/dd/08255e559f52202ec22ef8446949d1dcf9f2b14ffab07ce5b596d4415cf6/uv_build-0.11.1-py3-none-manylinux_2_28_aarch64.whl", hash = "sha256:0e62a25e9b92a67b1ecf12538a1637cbdb6a8ae1c3fec8f698b926f5261a9d6b", size = 1608895, upload-time = "2026-03-24T23:13:37.846Z" },
    { url = "https://files.pythonhosted.org/packages/74/7f/39fb19c2904199e67fbf804452896b01fbc24ed78e8dc4330f80a3ee564a/uv_build-0.11.1-py3-none-manylinux_2_31_riscv64.whl", hash = "sha256:e5ed41718d87de38d7b4bbd27d28109b8b678c12f255e47c19ace5a59b24cd53", size = 1578442, upload-time = "2026-03-24T23:13:28.566Z" },
    { url = "https://files.pythonhosted.org/packages/da/9b/8e29bad9d17c6f248ace67b2116fd10c4e0d4d0de3b5cc623a30ca04c489/uv_build-0.11.1-py3-none-musllinux_1_1_armv7l.whl", hash = "sha256:1c1719fddcedf238c69380d2dc11f36085dc983b1dd178fac9c3e354bbcbf6d6", size = 1510591, upload-time = "2026-03-24T23:13:30.993Z" },
    { url = "https://files.pythonhosted.org/packages/c8/38/3c40ca80d7e0ebc24d9ff358e83cc7ca90ec7eb97877deff3c6723796ec9/uv_build-0.11.1-py3-none-musllinux_1_1_i686.whl", hash = "sha256:4c53594b464e6409356dbd64a3a3d794d834b780bd6bdb9a219af713b3c1da21", size = 1610624, upload-time = "2026-03-24T23:13:29.727Z" },
    { url = "https://files.pythonhosted.org/packages/9b/97/e2671aeab875a3c5492c521e609c2d263858eeeaff64421b13055ce8fe31/uv_build-0.11.1-py3-none-musllinux_1_1_riscv64.whl", hash = "sha256:f3f3f162dfd5575346d58e8adf5ad8589b34077941b077ec4e831ba283b90307", size = 1601162, upload-time = "2026-03-24T23:13:25.818Z" },
    { url = "https://files.pythonhosted.org/packages/2e/0a/6832049d820cc57401ecaedf530655e28e8467170de4cb7f410f488f4be7/uv_build-0.11.1-py3-none-musllinux_1_1_x86_64.whl", hash = "sha256:7e3edaad8af3e6ec5429be72cb3b6a40d817aa22dfced56eb5061612507fc6c5", size = 1684866, upload-time = "2026-03-24T23:13:46.086Z" },
    { url = "https://files.pythonhosted.org/packages/4b/9a/6b4582534df783af62a9022c410a17d025d63e705d0d204c6b8bbb67f3db/uv_build-0.11.1-py3-none-win32.whl", hash = "sha256:8ff6725823bdd712ff340a696e4579f40348236c49d6adfd63235329962ecece", size = 1423578, upload-time = "2026-03-24T23:13:41.031Z" },
    { url = "https://files.pythonhosted.org/packages/ed/f2/d4fc23ea73d0a909b3074ad774d1f012518a576cb3ca3c3615e7914e6dbb/uv_build-0.11.1-py3-none-win_amd64.whl", hash = "sha256:fb14ce9b9f2517a7a21c030bf97c6e277eec9680f6aa582e937944ca998b61e1", size = 1491862, upload-time = "2026-03-24T23:13:44.402Z" },
    { url = "https://files.pythonhosted.org/packages/e0/31/1600006e23fc380ed89a968ef4b0036e7e9989d69e5d48a5921584fee6da/uv_build-0.11.1-py3-none-win_arm64.whl", hash = "sha256:6375c5e282efcf9a7a2b449bc4df46e1e6acb6b61d989a436fc0d42a28e69c96", size = 1412910, upload-time = "2026-03-24T23:13:21.444Z" },
]
